// !$*UTF8*$!
{
	archiveVersion = 1;
	classes = {
	};
	objectVersion = 56;
	objects = {

/* Begin PBXBuildFile section */
		182D12122AFC1DED001C3B5C /* ExploreScreen.swift in Sources */ = {isa = PBXBuildFile; fileRef = 182D12112AFC1DED001C3B5C /* ExploreScreen.swift */; };
		188C35352AF77F3E00904BDA /* LocationDetailScreen.swift in Sources */ = {isa = PBXBuildFile; fileRef = 188C35342AF77F3E00904BDA /* LocationDetailScreen.swift */; };
		188C35372AF81B6500904BDA /* EmergencyContactScreen.swift in Sources */ = {isa = PBXBuildFile; fileRef = 188C35362AF81B6400904BDA /* EmergencyContactScreen.swift */; };
		188C35392AF82B7800904BDA /* ConfirmSafety.swift in Sources */ = {isa = PBXBuildFile; fileRef = 188C35382AF82B7800904BDA /* ConfirmSafety.swift */; };
		188C353B2AF9777100904BDA /* CheckInScreen.swift in Sources */ = {isa = PBXBuildFile; fileRef = 188C353A2AF9777100904BDA /* CheckInScreen.swift */; };
		188C35432AFAD47300904BDA /* DecidePlaceScreen.swift in Sources */ = {isa = PBXBuildFile; fileRef = 188C35422AFAD47300904BDA /* DecidePlaceScreen.swift */; };
		188C35452AFAD48C00904BDA /* DeleteChatView.swift in Sources */ = {isa = PBXBuildFile; fileRef = 188C35442AFAD48C00904BDA /* DeleteChatView.swift */; };
		188C35472AFAD4D100904BDA /* UserFullView.swift in Sources */ = {isa = PBXBuildFile; fileRef = 188C35462AFAD4D100904BDA /* UserFullView.swift */; };
		188C35492AFC0A6800904BDA /* MatchesScreen.swift in Sources */ = {isa = PBXBuildFile; fileRef = 188C35482AFC0A6800904BDA /* MatchesScreen.swift */; };
		189FF5EF2B05185600D297DE /* Urbanist-BlackItalic.ttf in Resources */ = {isa = PBXBuildFile; fileRef = 189FF5DD2B05185500D297DE /* Urbanist-BlackItalic.ttf */; };
		189FF5F02B05185600D297DE /* Urbanist-Medium.ttf in Resources */ = {isa = PBXBuildFile; fileRef = 189FF5DE2B05185500D297DE /* Urbanist-Medium.ttf */; };
		189FF5F12B05185600D297DE /* Urbanist-Light.ttf in Resources */ = {isa = PBXBuildFile; fileRef = 189FF5DF2B05185500D297DE /* Urbanist-Light.ttf */; };
		189FF5F22B05185600D297DE /* Urbanist-Italic.ttf in Resources */ = {isa = PBXBuildFile; fileRef = 189FF5E02B05185500D297DE /* Urbanist-Italic.ttf */; };
		189FF5F32B05185600D297DE /* Urbanist-Thin.ttf in Resources */ = {isa = PBXBuildFile; fileRef = 189FF5E12B05185500D297DE /* Urbanist-Thin.ttf */; };
		189FF5F42B05185600D297DE /* Urbanist-BoldItalic.ttf in Resources */ = {isa = PBXBuildFile; fileRef = 189FF5E22B05185500D297DE /* Urbanist-BoldItalic.ttf */; };
		189FF5F52B05185600D297DE /* Urbanist-ThinItalic.ttf in Resources */ = {isa = PBXBuildFile; fileRef = 189FF5E32B05185500D297DE /* Urbanist-ThinItalic.ttf */; };
		189FF5F62B05185600D297DE /* Urbanist-ExtraLightItalic.ttf in Resources */ = {isa = PBXBuildFile; fileRef = 189FF5E42B05185500D297DE /* Urbanist-ExtraLightItalic.ttf */; };
		189FF5F72B05185600D297DE /* Urbanist-LightItalic.ttf in Resources */ = {isa = PBXBuildFile; fileRef = 189FF5E52B05185500D297DE /* Urbanist-LightItalic.ttf */; };
		189FF5F82B05185600D297DE /* Urbanist-SemiBoldItalic.ttf in Resources */ = {isa = PBXBuildFile; fileRef = 189FF5E62B05185500D297DE /* Urbanist-SemiBoldItalic.ttf */; };
		189FF5F92B05185600D297DE /* Urbanist-ExtraBoldItalic.ttf in Resources */ = {isa = PBXBuildFile; fileRef = 189FF5E72B05185500D297DE /* Urbanist-ExtraBoldItalic.ttf */; };
		189FF5FA2B05185600D297DE /* Urbanist-ExtraLight.ttf in Resources */ = {isa = PBXBuildFile; fileRef = 189FF5E82B05185500D297DE /* Urbanist-ExtraLight.ttf */; };
		189FF5FB2B05185600D297DE /* Urbanist-Bold.ttf in Resources */ = {isa = PBXBuildFile; fileRef = 189FF5E92B05185500D297DE /* Urbanist-Bold.ttf */; };
		189FF5FC2B05185600D297DE /* Urbanist-ExtraBold.ttf in Resources */ = {isa = PBXBuildFile; fileRef = 189FF5EA2B05185500D297DE /* Urbanist-ExtraBold.ttf */; };
		189FF5FD2B05185600D297DE /* Urbanist-Regular.ttf in Resources */ = {isa = PBXBuildFile; fileRef = 189FF5EB2B05185500D297DE /* Urbanist-Regular.ttf */; };
		189FF5FE2B05185600D297DE /* Urbanist-SemiBold.ttf in Resources */ = {isa = PBXBuildFile; fileRef = 189FF5EC2B05185600D297DE /* Urbanist-SemiBold.ttf */; };
		189FF5FF2B05185600D297DE /* Urbanist-MediumItalic.ttf in Resources */ = {isa = PBXBuildFile; fileRef = 189FF5ED2B05185600D297DE /* Urbanist-MediumItalic.ttf */; };
		189FF6002B05185600D297DE /* Urbanist-Black.ttf in Resources */ = {isa = PBXBuildFile; fileRef = 189FF5EE2B05185600D297DE /* Urbanist-Black.ttf */; };
		189FF60D2B051A4D00D297DE /* SFPRODISPLAYULTRALIGHTITALIC.OTF in Resources */ = {isa = PBXBuildFile; fileRef = 189FF6042B051A4C00D297DE /* SFPRODISPLAYULTRALIGHTITALIC.OTF */; };
		189FF60E2B051A4D00D297DE /* SFPRODISPLAYTHINITALIC.OTF in Resources */ = {isa = PBXBuildFile; fileRef = 189FF6052B051A4C00D297DE /* SFPRODISPLAYTHINITALIC.OTF */; };
		189FF60F2B051A4D00D297DE /* SFPRODISPLAYMEDIUM.OTF in Resources */ = {isa = PBXBuildFile; fileRef = 189FF6062B051A4C00D297DE /* SFPRODISPLAYMEDIUM.OTF */; };
		189FF6102B051A4D00D297DE /* SFPRODISPLAYLIGHTITALIC.OTF in Resources */ = {isa = PBXBuildFile; fileRef = 189FF6072B051A4C00D297DE /* SFPRODISPLAYLIGHTITALIC.OTF */; };
		189FF6112B051A4D00D297DE /* SFPRODISPLAYBOLD.OTF in Resources */ = {isa = PBXBuildFile; fileRef = 189FF6082B051A4C00D297DE /* SFPRODISPLAYBOLD.OTF */; };
		189FF6122B051A4D00D297DE /* SFPRODISPLAYHEAVYITALIC.OTF in Resources */ = {isa = PBXBuildFile; fileRef = 189FF6092B051A4C00D297DE /* SFPRODISPLAYHEAVYITALIC.OTF */; };
		189FF6132B051A4D00D297DE /* SFPRODISPLAYBLACKITALIC.OTF in Resources */ = {isa = PBXBuildFile; fileRef = 189FF60A2B051A4C00D297DE /* SFPRODISPLAYBLACKITALIC.OTF */; };
		189FF6142B051A4D00D297DE /* SFPRODISPLAYSEMIBOLDITALIC.OTF in Resources */ = {isa = PBXBuildFile; fileRef = 189FF60B2B051A4C00D297DE /* SFPRODISPLAYSEMIBOLDITALIC.OTF */; };
		189FF6152B051A4D00D297DE /* SFPRODISPLAYREGULAR.OTF in Resources */ = {isa = PBXBuildFile; fileRef = 189FF60C2B051A4D00D297DE /* SFPRODISPLAYREGULAR.OTF */; };
		189FF6182B05629200D297DE /* NameScreen.swift in Sources */ = {isa = PBXBuildFile; fileRef = 189FF6172B05629200D297DE /* NameScreen.swift */; };
		189FF61A2B0562C200D297DE /* UserNameScreen.swift in Sources */ = {isa = PBXBuildFile; fileRef = 189FF6192B0562C200D297DE /* UserNameScreen.swift */; };
		189FF61C2B0562D100D297DE /* GenderScreen.swift in Sources */ = {isa = PBXBuildFile; fileRef = 189FF61B2B0562D100D297DE /* GenderScreen.swift */; };
		189FF61E2B0562E600D297DE /* UploadPhotoView.swift in Sources */ = {isa = PBXBuildFile; fileRef = 189FF61D2B0562E600D297DE /* UploadPhotoView.swift */; };
		189FF6202B05633900D297DE /* ProfileTextField.swift in Sources */ = {isa = PBXBuildFile; fileRef = 189FF61F2B05633900D297DE /* ProfileTextField.swift */; };
		189FF6222B05713400D297DE /* SelectionCard.swift in Sources */ = {isa = PBXBuildFile; fileRef = 189FF6212B05713400D297DE /* SelectionCard.swift */; };
		189FF6242B05D8F600D297DE /* InterestView.swift in Sources */ = {isa = PBXBuildFile; fileRef = 189FF6232B05D8F600D297DE /* InterestView.swift */; };
		189FF6262B05D9CD00D297DE /* ProfileCompleteView.swift in Sources */ = {isa = PBXBuildFile; fileRef = 189FF6252B05D9CD00D297DE /* ProfileCompleteView.swift */; };
		189FF6292B05DC3F00D297DE /* AccessCameraView.swift in Sources */ = {isa = PBXBuildFile; fileRef = 189FF6282B05DC3F00D297DE /* AccessCameraView.swift */; };
		189FF62B2B05DE7800D297DE /* AccessContactView.swift in Sources */ = {isa = PBXBuildFile; fileRef = 189FF62A2B05DE7800D297DE /* AccessContactView.swift */; };
		189FF62D2B05DF4700D297DE /* EnableNotificationView.swift in Sources */ = {isa = PBXBuildFile; fileRef = 189FF62C2B05DF4700D297DE /* EnableNotificationView.swift */; };
		189FF62F2B065F2200D297DE /* sf-pro-text-medium.ttf in Resources */ = {isa = PBXBuildFile; fileRef = 189FF62E2B065F2200D297DE /* sf-pro-text-medium.ttf */; };
		189FF6322B069A7600D297DE /* VerifySelfieView.swift in Sources */ = {isa = PBXBuildFile; fileRef = 189FF6312B069A7600D297DE /* VerifySelfieView.swift */; };
		189FF6342B06A06B00D297DE /* SelfieFailView.swift in Sources */ = {isa = PBXBuildFile; fileRef = 189FF6332B06A06B00D297DE /* SelfieFailView.swift */; };
		AB05EAF82AE462F2009C861C /* LandingView.swift in Sources */ = {isa = PBXBuildFile; fileRef = AB05EAF72AE462F2009C861C /* LandingView.swift */; };
		AB05EB082AE46334009C861C /* Manuale-LightItalic.ttf in Resources */ = {isa = PBXBuildFile; fileRef = AB05EAFC2AE46334009C861C /* Manuale-LightItalic.ttf */; };
		AB05EB092AE46334009C861C /* Manuale-Italic.ttf in Resources */ = {isa = PBXBuildFile; fileRef = AB05EAFD2AE46334009C861C /* Manuale-Italic.ttf */; };
		AB05EB0A2AE46334009C861C /* Manuale-SemiBold.ttf in Resources */ = {isa = PBXBuildFile; fileRef = AB05EAFE2AE46334009C861C /* Manuale-SemiBold.ttf */; };
		AB05EB0B2AE46334009C861C /* Manuale-Regular.ttf in Resources */ = {isa = PBXBuildFile; fileRef = AB05EAFF2AE46334009C861C /* Manuale-Regular.ttf */; };
		AB05EB0C2AE46334009C861C /* Manuale-Bold.ttf in Resources */ = {isa = PBXBuildFile; fileRef = AB05EB002AE46334009C861C /* Manuale-Bold.ttf */; };
		AB05EB0D2AE46334009C861C /* Manuale-Light.ttf in Resources */ = {isa = PBXBuildFile; fileRef = AB05EB012AE46334009C861C /* Manuale-Light.ttf */; };
		AB05EB0E2AE46334009C861C /* Manuale-MediumItalic.ttf in Resources */ = {isa = PBXBuildFile; fileRef = AB05EB022AE46334009C861C /* Manuale-MediumItalic.ttf */; };
		AB05EB0F2AE46334009C861C /* Manuale-ExtraBoldItalic.ttf in Resources */ = {isa = PBXBuildFile; fileRef = AB05EB032AE46334009C861C /* Manuale-ExtraBoldItalic.ttf */; };
		AB05EB102AE46334009C861C /* Manuale-BoldItalic.ttf in Resources */ = {isa = PBXBuildFile; fileRef = AB05EB042AE46334009C861C /* Manuale-BoldItalic.ttf */; };
		AB05EB112AE46334009C861C /* Manuale-SemiBoldItalic.ttf in Resources */ = {isa = PBXBuildFile; fileRef = AB05EB052AE46334009C861C /* Manuale-SemiBoldItalic.ttf */; };
		AB05EB122AE46334009C861C /* Manuale-ExtraBold.ttf in Resources */ = {isa = PBXBuildFile; fileRef = AB05EB062AE46334009C861C /* Manuale-ExtraBold.ttf */; };
		AB05EB132AE46334009C861C /* Manuale-Medium.ttf in Resources */ = {isa = PBXBuildFile; fileRef = AB05EB072AE46334009C861C /* Manuale-Medium.ttf */; };
		AB05EB152AE46363009C861C /* Extension+Font.swift in Sources */ = {isa = PBXBuildFile; fileRef = AB05EB142AE46363009C861C /* Extension+Font.swift */; };
		AB05EB212AE46505009C861C /* Inter-ExtraBold.ttf in Resources */ = {isa = PBXBuildFile; fileRef = AB05EB182AE46505009C861C /* Inter-ExtraBold.ttf */; };
		AB05EB222AE46505009C861C /* Inter-Medium.ttf in Resources */ = {isa = PBXBuildFile; fileRef = AB05EB192AE46505009C861C /* Inter-Medium.ttf */; };
		AB05EB232AE46505009C861C /* Inter-ExtraLight.ttf in Resources */ = {isa = PBXBuildFile; fileRef = AB05EB1A2AE46505009C861C /* Inter-ExtraLight.ttf */; };
		AB05EB242AE46505009C861C /* Inter-Bold.ttf in Resources */ = {isa = PBXBuildFile; fileRef = AB05EB1B2AE46505009C861C /* Inter-Bold.ttf */; };
		AB05EB252AE46505009C861C /* Inter-SemiBold.ttf in Resources */ = {isa = PBXBuildFile; fileRef = AB05EB1C2AE46505009C861C /* Inter-SemiBold.ttf */; };
		AB05EB262AE46505009C861C /* Inter-Light.ttf in Resources */ = {isa = PBXBuildFile; fileRef = AB05EB1D2AE46505009C861C /* Inter-Light.ttf */; };
		AB05EB272AE46505009C861C /* Inter-Thin.ttf in Resources */ = {isa = PBXBuildFile; fileRef = AB05EB1E2AE46505009C861C /* Inter-Thin.ttf */; };
		AB05EB282AE46505009C861C /* Inter-Black.ttf in Resources */ = {isa = PBXBuildFile; fileRef = AB05EB1F2AE46505009C861C /* Inter-Black.ttf */; };
		AB05EB292AE46505009C861C /* Inter-Regular.ttf in Resources */ = {isa = PBXBuildFile; fileRef = AB05EB202AE46505009C861C /* Inter-Regular.ttf */; };
		AB05EB2B2AE46C3C009C861C /* SelectLoginView.swift in Sources */ = {isa = PBXBuildFile; fileRef = AB05EB2A2AE46C3C009C861C /* SelectLoginView.swift */; };
		AB05EB2D2AE471D9009C861C /* PhoneNumberView.swift in Sources */ = {isa = PBXBuildFile; fileRef = AB05EB2C2AE471D9009C861C /* PhoneNumberView.swift */; };
		AB05EB2F2AE47657009C861C /* OTPView.swift in Sources */ = {isa = PBXBuildFile; fileRef = AB05EB2E2AE47657009C861C /* OTPView.swift */; };
		AB31A8842AFAA42900D14F62 /* ConfirmDeleteScreen.swift in Sources */ = {isa = PBXBuildFile; fileRef = AB31A8832AFAA42900D14F62 /* ConfirmDeleteScreen.swift */; };
		AB31A8852AFAA42900D14F62 /* NewLocationScreen.swift in Sources */ = {isa = PBXBuildFile; fileRef = AB31A8822AFAA42900D14F62 /* NewLocationScreen.swift */; };
		AB31A8872AFAA50700D14F62 /* ArrangeMeetupView.swift in Sources */ = {isa = PBXBuildFile; fileRef = AB31A8862AFAA50700D14F62 /* ArrangeMeetupView.swift */; };
		AB59A23A2AF931CC004B7FE5 /* DMView.swift in Sources */ = {isa = PBXBuildFile; fileRef = AB59A2392AF931CC004B7FE5 /* DMView.swift */; };
		AB59A2402AF941EC004B7FE5 /* Mulish-Medium.ttf in Resources */ = {isa = PBXBuildFile; fileRef = AB59A23C2AF941EC004B7FE5 /* Mulish-Medium.ttf */; };
		AB59A2412AF941EC004B7FE5 /* Mulish-Regular.ttf in Resources */ = {isa = PBXBuildFile; fileRef = AB59A23D2AF941EC004B7FE5 /* Mulish-Regular.ttf */; };
		AB59A2422AF941EC004B7FE5 /* Mulish-Bold.ttf in Resources */ = {isa = PBXBuildFile; fileRef = AB59A23E2AF941EC004B7FE5 /* Mulish-Bold.ttf */; };
		AB59A2432AF941EC004B7FE5 /* Mulish-SemiBold.ttf in Resources */ = {isa = PBXBuildFile; fileRef = AB59A23F2AF941EC004B7FE5 /* Mulish-SemiBold.ttf */; };
		AB6F6B872AFAD5EF004E0DAE /* Roboto-Regular.ttf in Resources */ = {isa = PBXBuildFile; fileRef = AB6F6B842AFAD5EF004E0DAE /* Roboto-Regular.ttf */; };
		AB6F6B882AFAD5EF004E0DAE /* Roboto-Bold.ttf in Resources */ = {isa = PBXBuildFile; fileRef = AB6F6B852AFAD5EF004E0DAE /* Roboto-Bold.ttf */; };
		AB6F6B892AFAD5EF004E0DAE /* Roboto-Medium.ttf in Resources */ = {isa = PBXBuildFile; fileRef = AB6F6B862AFAD5EF004E0DAE /* Roboto-Medium.ttf */; };
		AB731EFF2AE56906007ACB9F /* ForgotPasswordView.swift in Sources */ = {isa = PBXBuildFile; fileRef = AB731EFE2AE56906007ACB9F /* ForgotPasswordView.swift */; };
		AB731F022AE56A54007ACB9F /* WhiteBackground.swift in Sources */ = {isa = PBXBuildFile; fileRef = AB731F012AE56A54007ACB9F /* WhiteBackground.swift */; };
		AB731F042AE56A78007ACB9F /* CustomButton.swift in Sources */ = {isa = PBXBuildFile; fileRef = AB731F032AE56A78007ACB9F /* CustomButton.swift */; };
		AB731F062AE56AAF007ACB9F /* OnboardingTopView.swift in Sources */ = {isa = PBXBuildFile; fileRef = AB731F052AE56AAF007ACB9F /* OnboardingTopView.swift */; };
		AB731F082AE58180007ACB9F /* TextFieldOTP.swift in Sources */ = {isa = PBXBuildFile; fileRef = AB731F072AE58180007ACB9F /* TextFieldOTP.swift */; };
		AB731F0A2AE58E2E007ACB9F /* TextFieldBordered.swift in Sources */ = {isa = PBXBuildFile; fileRef = AB731F092AE58E2E007ACB9F /* TextFieldBordered.swift */; };
		AB731F0C2AE59027007ACB9F /* EmailView.swift in Sources */ = {isa = PBXBuildFile; fileRef = AB731F0B2AE59027007ACB9F /* EmailView.swift */; };
		AB731F0E2AE59089007ACB9F /* LoginView.swift in Sources */ = {isa = PBXBuildFile; fileRef = AB731F0D2AE59089007ACB9F /* LoginView.swift */; };
		AB731F102AE59634007ACB9F /* KeyboardView.swift in Sources */ = {isa = PBXBuildFile; fileRef = AB731F0F2AE59634007ACB9F /* KeyboardView.swift */; };
		AB731F172AE598AD007ACB9F /* Sk-Modernist-Mono.otf in Resources */ = {isa = PBXBuildFile; fileRef = AB731F122AE598AD007ACB9F /* Sk-Modernist-Mono.otf */; };
		AB731F182AE598AD007ACB9F /* fontsme.com.url in Resources */ = {isa = PBXBuildFile; fileRef = AB731F132AE598AD007ACB9F /* fontsme.com.url */; };
		AB731F192AE598AD007ACB9F /* Sk-Modernist-Bold.otf in Resources */ = {isa = PBXBuildFile; fileRef = AB731F142AE598AD007ACB9F /* Sk-Modernist-Bold.otf */; };
		AB731F1A2AE598AD007ACB9F /* license.txt in Resources */ = {isa = PBXBuildFile; fileRef = AB731F152AE598AD007ACB9F /* license.txt */; };
		AB731F1B2AE598AD007ACB9F /* Sk-Modernist-Regular.otf in Resources */ = {isa = PBXBuildFile; fileRef = AB731F162AE598AD007ACB9F /* Sk-Modernist-Regular.otf */; };
		AB731F1E2AE66B0C007ACB9F /* OnboardingViewModel.swift in Sources */ = {isa = PBXBuildFile; fileRef = AB731F1D2AE66B0C007ACB9F /* OnboardingViewModel.swift */; };
		AB7E564E2AEE6AD700B94AB0 /* TabbarView.swift in Sources */ = {isa = PBXBuildFile; fileRef = AB7E564D2AEE6AD700B94AB0 /* TabbarView.swift */; };
		AB7E56552AEE6B0700B94AB0 /* HomeView.swift in Sources */ = {isa = PBXBuildFile; fileRef = AB7E56542AEE6B0700B94AB0 /* HomeView.swift */; };
		AB7E56572AEE6B1000B94AB0 /* ChatListView.swift in Sources */ = {isa = PBXBuildFile; fileRef = AB7E56562AEE6B1000B94AB0 /* ChatListView.swift */; };
		AB7E56592AEE6B2400B94AB0 /* CardsView.swift in Sources */ = {isa = PBXBuildFile; fileRef = AB7E56582AEE6B2400B94AB0 /* CardsView.swift */; };
		AB7E565C2AEE6B2F00B94AB0 /* SearchView.swift in Sources */ = {isa = PBXBuildFile; fileRef = AB7E565B2AEE6B2F00B94AB0 /* SearchView.swift */; };
		AB7E565E2AEE6B3700B94AB0 /* ProfileView.swift in Sources */ = {isa = PBXBuildFile; fileRef = AB7E565D2AEE6B3700B94AB0 /* ProfileView.swift */; };
		AB7E56632AEE7B6F00B94AB0 /* StoryView.swift in Sources */ = {isa = PBXBuildFile; fileRef = AB7E56622AEE7B6F00B94AB0 /* StoryView.swift */; };
		AB8F1C702AFA92F2007E3C9A /* DMOptionsView.swift in Sources */ = {isa = PBXBuildFile; fileRef = AB8F1C6F2AFA92F2007E3C9A /* DMOptionsView.swift */; };
		AB974AB42AE3159B004BC717 /* junxAppApp.swift in Sources */ = {isa = PBXBuildFile; fileRef = AB974AB32AE3159B004BC717 /* junxAppApp.swift */; };
		AB974AB62AE3159B004BC717 /* ContentView.swift in Sources */ = {isa = PBXBuildFile; fileRef = AB974AB52AE3159B004BC717 /* ContentView.swift */; };
		AB974AB82AE3159D004BC717 /* Assets.xcassets in Resources */ = {isa = PBXBuildFile; fileRef = AB974AB72AE3159D004BC717 /* Assets.xcassets */; };
		AB974ABB2AE3159D004BC717 /* Preview Assets.xcassets in Resources */ = {isa = PBXBuildFile; fileRef = AB974ABA2AE3159D004BC717 /* Preview Assets.xcassets */; };
		AB974AC52AE3184E004BC717 /* Extension+Color.swift in Sources */ = {isa = PBXBuildFile; fileRef = AB974AC42AE3184E004BC717 /* Extension+Color.swift */; };
		AB974ACA2AE3187F004BC717 /* SplashView.swift in Sources */ = {isa = PBXBuildFile; fileRef = AB974AC92AE3187F004BC717 /* SplashView.swift */; };
		AB974ACC2AE3188C004BC717 /* Colors.xcassets in Resources */ = {isa = PBXBuildFile; fileRef = AB974ACB2AE3188C004BC717 /* Colors.xcassets */; };
		AB974ACE2AE31A02004BC717 /* WelcomeView.swift in Sources */ = {isa = PBXBuildFile; fileRef = AB974ACD2AE31A02004BC717 /* WelcomeView.swift */; };
		ABA8CE292AFD387B00C969B4 /* ExploreMembersView.swift in Sources */ = {isa = PBXBuildFile; fileRef = ABA8CE282AFD387B00C969B4 /* ExploreMembersView.swift */; };
		ABA8CE2B2AFD3B8C00C969B4 /* SearchBar.swift in Sources */ = {isa = PBXBuildFile; fileRef = ABA8CE2A2AFD3B8C00C969B4 /* SearchBar.swift */; };
		ABAF0A112AF595B400ED358A /* MembersList.swift in Sources */ = {isa = PBXBuildFile; fileRef = ABAF0A102AF595B400ED358A /* MembersList.swift */; };
		ABAF0A132AF595C600ED358A /* HomeViewModel.swift in Sources */ = {isa = PBXBuildFile; fileRef = ABAF0A122AF595C600ED358A /* HomeViewModel.swift */; };
		ABAF0A152AF5B00000ED358A /* AddFilterBottomSheet.swift in Sources */ = {isa = PBXBuildFile; fileRef = ABAF0A142AF5B00000ED358A /* AddFilterBottomSheet.swift */; };
		ABAF0A182AF699D500ED358A /* FilterView.swift in Sources */ = {isa = PBXBuildFile; fileRef = ABAF0A172AF699D500ED358A /* FilterView.swift */; };
		ABAF0A1A2AF6AAB700ED358A /* Constants.swift in Sources */ = {isa = PBXBuildFile; fileRef = ABAF0A192AF6AAB700ED358A /* Constants.swift */; };
		ABAF0A1C2AF6DD6200ED358A /* FindFriendsView.swift in Sources */ = {isa = PBXBuildFile; fileRef = ABAF0A1B2AF6DD6200ED358A /* FindFriendsView.swift */; };
		ABE866B32AF1A6EF0096415A /* AppUser.swift in Sources */ = {isa = PBXBuildFile; fileRef = ABE866B22AF1A6EF0096415A /* AppUser.swift */; };
		ABF784752B017D79007C0E55 /* NavigationBar.swift in Sources */ = {isa = PBXBuildFile; fileRef = ABF784742B017D79007C0E55 /* NavigationBar.swift */; };
/* End PBXBuildFile section */

/* Begin PBXFileReference section */
		182D12112AFC1DED001C3B5C /* ExploreScreen.swift */ = {isa = PBXFileReference; lastKnownFileType = sourcecode.swift; path = ExploreScreen.swift; sourceTree = "<group>"; };
		188C35342AF77F3E00904BDA /* LocationDetailScreen.swift */ = {isa = PBXFileReference; lastKnownFileType = sourcecode.swift; path = LocationDetailScreen.swift; sourceTree = "<group>"; };
		188C35362AF81B6400904BDA /* EmergencyContactScreen.swift */ = {isa = PBXFileReference; lastKnownFileType = sourcecode.swift; path = EmergencyContactScreen.swift; sourceTree = "<group>"; };
		188C35382AF82B7800904BDA /* ConfirmSafety.swift */ = {isa = PBXFileReference; lastKnownFileType = sourcecode.swift; path = ConfirmSafety.swift; sourceTree = "<group>"; };
		188C353A2AF9777100904BDA /* CheckInScreen.swift */ = {isa = PBXFileReference; lastKnownFileType = sourcecode.swift; path = CheckInScreen.swift; sourceTree = "<group>"; };
		188C35422AFAD47300904BDA /* DecidePlaceScreen.swift */ = {isa = PBXFileReference; fileEncoding = 4; lastKnownFileType = sourcecode.swift; path = DecidePlaceScreen.swift; sourceTree = "<group>"; };
		188C35442AFAD48C00904BDA /* DeleteChatView.swift */ = {isa = PBXFileReference; fileEncoding = 4; lastKnownFileType = sourcecode.swift; path = DeleteChatView.swift; sourceTree = "<group>"; };
		188C35462AFAD4D100904BDA /* UserFullView.swift */ = {isa = PBXFileReference; lastKnownFileType = sourcecode.swift; path = UserFullView.swift; sourceTree = "<group>"; };
		188C35482AFC0A6800904BDA /* MatchesScreen.swift */ = {isa = PBXFileReference; lastKnownFileType = sourcecode.swift; path = MatchesScreen.swift; sourceTree = "<group>"; };
		189FF5DD2B05185500D297DE /* Urbanist-BlackItalic.ttf */ = {isa = PBXFileReference; lastKnownFileType = file; path = "Urbanist-BlackItalic.ttf"; sourceTree = "<group>"; };
		189FF5DE2B05185500D297DE /* Urbanist-Medium.ttf */ = {isa = PBXFileReference; lastKnownFileType = file; path = "Urbanist-Medium.ttf"; sourceTree = "<group>"; };
		189FF5DF2B05185500D297DE /* Urbanist-Light.ttf */ = {isa = PBXFileReference; lastKnownFileType = file; path = "Urbanist-Light.ttf"; sourceTree = "<group>"; };
		189FF5E02B05185500D297DE /* Urbanist-Italic.ttf */ = {isa = PBXFileReference; lastKnownFileType = file; path = "Urbanist-Italic.ttf"; sourceTree = "<group>"; };
		189FF5E12B05185500D297DE /* Urbanist-Thin.ttf */ = {isa = PBXFileReference; lastKnownFileType = file; path = "Urbanist-Thin.ttf"; sourceTree = "<group>"; };
		189FF5E22B05185500D297DE /* Urbanist-BoldItalic.ttf */ = {isa = PBXFileReference; lastKnownFileType = file; path = "Urbanist-BoldItalic.ttf"; sourceTree = "<group>"; };
		189FF5E32B05185500D297DE /* Urbanist-ThinItalic.ttf */ = {isa = PBXFileReference; lastKnownFileType = file; path = "Urbanist-ThinItalic.ttf"; sourceTree = "<group>"; };
		189FF5E42B05185500D297DE /* Urbanist-ExtraLightItalic.ttf */ = {isa = PBXFileReference; lastKnownFileType = file; path = "Urbanist-ExtraLightItalic.ttf"; sourceTree = "<group>"; };
		189FF5E52B05185500D297DE /* Urbanist-LightItalic.ttf */ = {isa = PBXFileReference; lastKnownFileType = file; path = "Urbanist-LightItalic.ttf"; sourceTree = "<group>"; };
		189FF5E62B05185500D297DE /* Urbanist-SemiBoldItalic.ttf */ = {isa = PBXFileReference; lastKnownFileType = file; path = "Urbanist-SemiBoldItalic.ttf"; sourceTree = "<group>"; };
		189FF5E72B05185500D297DE /* Urbanist-ExtraBoldItalic.ttf */ = {isa = PBXFileReference; lastKnownFileType = file; path = "Urbanist-ExtraBoldItalic.ttf"; sourceTree = "<group>"; };
		189FF5E82B05185500D297DE /* Urbanist-ExtraLight.ttf */ = {isa = PBXFileReference; lastKnownFileType = file; path = "Urbanist-ExtraLight.ttf"; sourceTree = "<group>"; };
		189FF5E92B05185500D297DE /* Urbanist-Bold.ttf */ = {isa = PBXFileReference; lastKnownFileType = file; path = "Urbanist-Bold.ttf"; sourceTree = "<group>"; };
		189FF5EA2B05185500D297DE /* Urbanist-ExtraBold.ttf */ = {isa = PBXFileReference; lastKnownFileType = file; path = "Urbanist-ExtraBold.ttf"; sourceTree = "<group>"; };
		189FF5EB2B05185500D297DE /* Urbanist-Regular.ttf */ = {isa = PBXFileReference; lastKnownFileType = file; path = "Urbanist-Regular.ttf"; sourceTree = "<group>"; };
		189FF5EC2B05185600D297DE /* Urbanist-SemiBold.ttf */ = {isa = PBXFileReference; lastKnownFileType = file; path = "Urbanist-SemiBold.ttf"; sourceTree = "<group>"; };
		189FF5ED2B05185600D297DE /* Urbanist-MediumItalic.ttf */ = {isa = PBXFileReference; lastKnownFileType = file; path = "Urbanist-MediumItalic.ttf"; sourceTree = "<group>"; };
		189FF5EE2B05185600D297DE /* Urbanist-Black.ttf */ = {isa = PBXFileReference; lastKnownFileType = file; path = "Urbanist-Black.ttf"; sourceTree = "<group>"; };
		189FF6042B051A4C00D297DE /* SFPRODISPLAYULTRALIGHTITALIC.OTF */ = {isa = PBXFileReference; lastKnownFileType = file; path = SFPRODISPLAYULTRALIGHTITALIC.OTF; sourceTree = "<group>"; };
		189FF6052B051A4C00D297DE /* SFPRODISPLAYTHINITALIC.OTF */ = {isa = PBXFileReference; lastKnownFileType = file; path = SFPRODISPLAYTHINITALIC.OTF; sourceTree = "<group>"; };
		189FF6062B051A4C00D297DE /* SFPRODISPLAYMEDIUM.OTF */ = {isa = PBXFileReference; lastKnownFileType = file; path = SFPRODISPLAYMEDIUM.OTF; sourceTree = "<group>"; };
		189FF6072B051A4C00D297DE /* SFPRODISPLAYLIGHTITALIC.OTF */ = {isa = PBXFileReference; lastKnownFileType = file; path = SFPRODISPLAYLIGHTITALIC.OTF; sourceTree = "<group>"; };
		189FF6082B051A4C00D297DE /* SFPRODISPLAYBOLD.OTF */ = {isa = PBXFileReference; lastKnownFileType = file; path = SFPRODISPLAYBOLD.OTF; sourceTree = "<group>"; };
		189FF6092B051A4C00D297DE /* SFPRODISPLAYHEAVYITALIC.OTF */ = {isa = PBXFileReference; lastKnownFileType = file; path = SFPRODISPLAYHEAVYITALIC.OTF; sourceTree = "<group>"; };
		189FF60A2B051A4C00D297DE /* SFPRODISPLAYBLACKITALIC.OTF */ = {isa = PBXFileReference; lastKnownFileType = file; path = SFPRODISPLAYBLACKITALIC.OTF; sourceTree = "<group>"; };
		189FF60B2B051A4C00D297DE /* SFPRODISPLAYSEMIBOLDITALIC.OTF */ = {isa = PBXFileReference; lastKnownFileType = file; path = SFPRODISPLAYSEMIBOLDITALIC.OTF; sourceTree = "<group>"; };
		189FF60C2B051A4D00D297DE /* SFPRODISPLAYREGULAR.OTF */ = {isa = PBXFileReference; lastKnownFileType = file; path = SFPRODISPLAYREGULAR.OTF; sourceTree = "<group>"; };
		189FF6172B05629200D297DE /* NameScreen.swift */ = {isa = PBXFileReference; lastKnownFileType = sourcecode.swift; path = NameScreen.swift; sourceTree = "<group>"; };
		189FF6192B0562C200D297DE /* UserNameScreen.swift */ = {isa = PBXFileReference; lastKnownFileType = sourcecode.swift; path = UserNameScreen.swift; sourceTree = "<group>"; };
		189FF61B2B0562D100D297DE /* GenderScreen.swift */ = {isa = PBXFileReference; lastKnownFileType = sourcecode.swift; path = GenderScreen.swift; sourceTree = "<group>"; };
		189FF61D2B0562E600D297DE /* UploadPhotoView.swift */ = {isa = PBXFileReference; lastKnownFileType = sourcecode.swift; path = UploadPhotoView.swift; sourceTree = "<group>"; };
		189FF61F2B05633900D297DE /* ProfileTextField.swift */ = {isa = PBXFileReference; lastKnownFileType = sourcecode.swift; path = ProfileTextField.swift; sourceTree = "<group>"; };
		189FF6212B05713400D297DE /* SelectionCard.swift */ = {isa = PBXFileReference; lastKnownFileType = sourcecode.swift; path = SelectionCard.swift; sourceTree = "<group>"; };
		189FF6232B05D8F600D297DE /* InterestView.swift */ = {isa = PBXFileReference; lastKnownFileType = sourcecode.swift; path = InterestView.swift; sourceTree = "<group>"; };
		189FF6252B05D9CD00D297DE /* ProfileCompleteView.swift */ = {isa = PBXFileReference; lastKnownFileType = sourcecode.swift; path = ProfileCompleteView.swift; sourceTree = "<group>"; };
		189FF6282B05DC3F00D297DE /* AccessCameraView.swift */ = {isa = PBXFileReference; lastKnownFileType = sourcecode.swift; path = AccessCameraView.swift; sourceTree = "<group>"; };
		189FF62A2B05DE7800D297DE /* AccessContactView.swift */ = {isa = PBXFileReference; lastKnownFileType = sourcecode.swift; path = AccessContactView.swift; sourceTree = "<group>"; };
		189FF62C2B05DF4700D297DE /* EnableNotificationView.swift */ = {isa = PBXFileReference; lastKnownFileType = sourcecode.swift; path = EnableNotificationView.swift; sourceTree = "<group>"; };
		189FF62E2B065F2200D297DE /* sf-pro-text-medium.ttf */ = {isa = PBXFileReference; lastKnownFileType = file; path = "sf-pro-text-medium.ttf"; sourceTree = "<group>"; };
		189FF6312B069A7600D297DE /* VerifySelfieView.swift */ = {isa = PBXFileReference; lastKnownFileType = sourcecode.swift; path = VerifySelfieView.swift; sourceTree = "<group>"; };
		189FF6332B06A06B00D297DE /* SelfieFailView.swift */ = {isa = PBXFileReference; lastKnownFileType = sourcecode.swift; path = SelfieFailView.swift; sourceTree = "<group>"; };
		AB05EAF72AE462F2009C861C /* LandingView.swift */ = {isa = PBXFileReference; lastKnownFileType = sourcecode.swift; path = LandingView.swift; sourceTree = "<group>"; };
		AB05EAFC2AE46334009C861C /* Manuale-LightItalic.ttf */ = {isa = PBXFileReference; lastKnownFileType = file; path = "Manuale-LightItalic.ttf"; sourceTree = "<group>"; };
		AB05EAFD2AE46334009C861C /* Manuale-Italic.ttf */ = {isa = PBXFileReference; lastKnownFileType = file; path = "Manuale-Italic.ttf"; sourceTree = "<group>"; };
		AB05EAFE2AE46334009C861C /* Manuale-SemiBold.ttf */ = {isa = PBXFileReference; lastKnownFileType = file; path = "Manuale-SemiBold.ttf"; sourceTree = "<group>"; };
		AB05EAFF2AE46334009C861C /* Manuale-Regular.ttf */ = {isa = PBXFileReference; lastKnownFileType = file; path = "Manuale-Regular.ttf"; sourceTree = "<group>"; };
		AB05EB002AE46334009C861C /* Manuale-Bold.ttf */ = {isa = PBXFileReference; lastKnownFileType = file; path = "Manuale-Bold.ttf"; sourceTree = "<group>"; };
		AB05EB012AE46334009C861C /* Manuale-Light.ttf */ = {isa = PBXFileReference; lastKnownFileType = file; path = "Manuale-Light.ttf"; sourceTree = "<group>"; };
		AB05EB022AE46334009C861C /* Manuale-MediumItalic.ttf */ = {isa = PBXFileReference; lastKnownFileType = file; path = "Manuale-MediumItalic.ttf"; sourceTree = "<group>"; };
		AB05EB032AE46334009C861C /* Manuale-ExtraBoldItalic.ttf */ = {isa = PBXFileReference; lastKnownFileType = file; path = "Manuale-ExtraBoldItalic.ttf"; sourceTree = "<group>"; };
		AB05EB042AE46334009C861C /* Manuale-BoldItalic.ttf */ = {isa = PBXFileReference; lastKnownFileType = file; path = "Manuale-BoldItalic.ttf"; sourceTree = "<group>"; };
		AB05EB052AE46334009C861C /* Manuale-SemiBoldItalic.ttf */ = {isa = PBXFileReference; lastKnownFileType = file; path = "Manuale-SemiBoldItalic.ttf"; sourceTree = "<group>"; };
		AB05EB062AE46334009C861C /* Manuale-ExtraBold.ttf */ = {isa = PBXFileReference; lastKnownFileType = file; path = "Manuale-ExtraBold.ttf"; sourceTree = "<group>"; };
		AB05EB072AE46334009C861C /* Manuale-Medium.ttf */ = {isa = PBXFileReference; lastKnownFileType = file; path = "Manuale-Medium.ttf"; sourceTree = "<group>"; };
		AB05EB142AE46363009C861C /* Extension+Font.swift */ = {isa = PBXFileReference; lastKnownFileType = sourcecode.swift; path = "Extension+Font.swift"; sourceTree = "<group>"; };
		AB05EB162AE463C3009C861C /* Info.plist */ = {isa = PBXFileReference; lastKnownFileType = text.plist; path = Info.plist; sourceTree = "<group>"; };
		AB05EB182AE46505009C861C /* Inter-ExtraBold.ttf */ = {isa = PBXFileReference; lastKnownFileType = file; path = "Inter-ExtraBold.ttf"; sourceTree = "<group>"; };
		AB05EB192AE46505009C861C /* Inter-Medium.ttf */ = {isa = PBXFileReference; lastKnownFileType = file; path = "Inter-Medium.ttf"; sourceTree = "<group>"; };
		AB05EB1A2AE46505009C861C /* Inter-ExtraLight.ttf */ = {isa = PBXFileReference; lastKnownFileType = file; path = "Inter-ExtraLight.ttf"; sourceTree = "<group>"; };
		AB05EB1B2AE46505009C861C /* Inter-Bold.ttf */ = {isa = PBXFileReference; lastKnownFileType = file; path = "Inter-Bold.ttf"; sourceTree = "<group>"; };
		AB05EB1C2AE46505009C861C /* Inter-SemiBold.ttf */ = {isa = PBXFileReference; lastKnownFileType = file; path = "Inter-SemiBold.ttf"; sourceTree = "<group>"; };
		AB05EB1D2AE46505009C861C /* Inter-Light.ttf */ = {isa = PBXFileReference; lastKnownFileType = file; path = "Inter-Light.ttf"; sourceTree = "<group>"; };
		AB05EB1E2AE46505009C861C /* Inter-Thin.ttf */ = {isa = PBXFileReference; lastKnownFileType = file; path = "Inter-Thin.ttf"; sourceTree = "<group>"; };
		AB05EB1F2AE46505009C861C /* Inter-Black.ttf */ = {isa = PBXFileReference; lastKnownFileType = file; path = "Inter-Black.ttf"; sourceTree = "<group>"; };
		AB05EB202AE46505009C861C /* Inter-Regular.ttf */ = {isa = PBXFileReference; lastKnownFileType = file; path = "Inter-Regular.ttf"; sourceTree = "<group>"; };
		AB05EB2A2AE46C3C009C861C /* SelectLoginView.swift */ = {isa = PBXFileReference; lastKnownFileType = sourcecode.swift; path = SelectLoginView.swift; sourceTree = "<group>"; };
		AB05EB2C2AE471D9009C861C /* PhoneNumberView.swift */ = {isa = PBXFileReference; lastKnownFileType = sourcecode.swift; path = PhoneNumberView.swift; sourceTree = "<group>"; };
		AB05EB2E2AE47657009C861C /* OTPView.swift */ = {isa = PBXFileReference; lastKnownFileType = sourcecode.swift; path = OTPView.swift; sourceTree = "<group>"; };
		AB31A8822AFAA42900D14F62 /* NewLocationScreen.swift */ = {isa = PBXFileReference; lastKnownFileType = sourcecode.swift; path = NewLocationScreen.swift; sourceTree = "<group>"; };
		AB31A8832AFAA42900D14F62 /* ConfirmDeleteScreen.swift */ = {isa = PBXFileReference; lastKnownFileType = sourcecode.swift; path = ConfirmDeleteScreen.swift; sourceTree = "<group>"; };
		AB31A8862AFAA50700D14F62 /* ArrangeMeetupView.swift */ = {isa = PBXFileReference; lastKnownFileType = sourcecode.swift; path = ArrangeMeetupView.swift; sourceTree = "<group>"; };
		AB59A2392AF931CC004B7FE5 /* DMView.swift */ = {isa = PBXFileReference; lastKnownFileType = sourcecode.swift; path = DMView.swift; sourceTree = "<group>"; };
		AB59A23C2AF941EC004B7FE5 /* Mulish-Medium.ttf */ = {isa = PBXFileReference; lastKnownFileType = file; path = "Mulish-Medium.ttf"; sourceTree = "<group>"; };
		AB59A23D2AF941EC004B7FE5 /* Mulish-Regular.ttf */ = {isa = PBXFileReference; lastKnownFileType = file; path = "Mulish-Regular.ttf"; sourceTree = "<group>"; };
		AB59A23E2AF941EC004B7FE5 /* Mulish-Bold.ttf */ = {isa = PBXFileReference; lastKnownFileType = file; path = "Mulish-Bold.ttf"; sourceTree = "<group>"; };
		AB59A23F2AF941EC004B7FE5 /* Mulish-SemiBold.ttf */ = {isa = PBXFileReference; lastKnownFileType = file; path = "Mulish-SemiBold.ttf"; sourceTree = "<group>"; };
		AB6F6B842AFAD5EF004E0DAE /* Roboto-Regular.ttf */ = {isa = PBXFileReference; lastKnownFileType = file; path = "Roboto-Regular.ttf"; sourceTree = "<group>"; };
		AB6F6B852AFAD5EF004E0DAE /* Roboto-Bold.ttf */ = {isa = PBXFileReference; lastKnownFileType = file; path = "Roboto-Bold.ttf"; sourceTree = "<group>"; };
		AB6F6B862AFAD5EF004E0DAE /* Roboto-Medium.ttf */ = {isa = PBXFileReference; lastKnownFileType = file; path = "Roboto-Medium.ttf"; sourceTree = "<group>"; };
		AB731EFE2AE56906007ACB9F /* ForgotPasswordView.swift */ = {isa = PBXFileReference; lastKnownFileType = sourcecode.swift; path = ForgotPasswordView.swift; sourceTree = "<group>"; };
		AB731F012AE56A54007ACB9F /* WhiteBackground.swift */ = {isa = PBXFileReference; lastKnownFileType = sourcecode.swift; path = WhiteBackground.swift; sourceTree = "<group>"; };
		AB731F032AE56A78007ACB9F /* CustomButton.swift */ = {isa = PBXFileReference; lastKnownFileType = sourcecode.swift; path = CustomButton.swift; sourceTree = "<group>"; };
		AB731F052AE56AAF007ACB9F /* OnboardingTopView.swift */ = {isa = PBXFileReference; lastKnownFileType = sourcecode.swift; path = OnboardingTopView.swift; sourceTree = "<group>"; };
		AB731F072AE58180007ACB9F /* TextFieldOTP.swift */ = {isa = PBXFileReference; lastKnownFileType = sourcecode.swift; path = TextFieldOTP.swift; sourceTree = "<group>"; };
		AB731F092AE58E2E007ACB9F /* TextFieldBordered.swift */ = {isa = PBXFileReference; lastKnownFileType = sourcecode.swift; path = TextFieldBordered.swift; sourceTree = "<group>"; };
		AB731F0B2AE59027007ACB9F /* EmailView.swift */ = {isa = PBXFileReference; lastKnownFileType = sourcecode.swift; path = EmailView.swift; sourceTree = "<group>"; };
		AB731F0D2AE59089007ACB9F /* LoginView.swift */ = {isa = PBXFileReference; lastKnownFileType = sourcecode.swift; path = LoginView.swift; sourceTree = "<group>"; };
		AB731F0F2AE59634007ACB9F /* KeyboardView.swift */ = {isa = PBXFileReference; lastKnownFileType = sourcecode.swift; path = KeyboardView.swift; sourceTree = "<group>"; };
		AB731F122AE598AD007ACB9F /* Sk-Modernist-Mono.otf */ = {isa = PBXFileReference; lastKnownFileType = file; path = "Sk-Modernist-Mono.otf"; sourceTree = "<group>"; };
		AB731F132AE598AD007ACB9F /* fontsme.com.url */ = {isa = PBXFileReference; fileEncoding = 4; lastKnownFileType = text; path = fontsme.com.url; sourceTree = "<group>"; };
		AB731F142AE598AD007ACB9F /* Sk-Modernist-Bold.otf */ = {isa = PBXFileReference; lastKnownFileType = file; path = "Sk-Modernist-Bold.otf"; sourceTree = "<group>"; };
		AB731F152AE598AD007ACB9F /* license.txt */ = {isa = PBXFileReference; fileEncoding = 4; lastKnownFileType = text; path = license.txt; sourceTree = "<group>"; };
		AB731F162AE598AD007ACB9F /* Sk-Modernist-Regular.otf */ = {isa = PBXFileReference; lastKnownFileType = file; path = "Sk-Modernist-Regular.otf"; sourceTree = "<group>"; };
		AB731F1D2AE66B0C007ACB9F /* OnboardingViewModel.swift */ = {isa = PBXFileReference; lastKnownFileType = sourcecode.swift; path = OnboardingViewModel.swift; sourceTree = "<group>"; };
		AB7E564D2AEE6AD700B94AB0 /* TabbarView.swift */ = {isa = PBXFileReference; lastKnownFileType = sourcecode.swift; path = TabbarView.swift; sourceTree = "<group>"; };
		AB7E56542AEE6B0700B94AB0 /* HomeView.swift */ = {isa = PBXFileReference; lastKnownFileType = sourcecode.swift; path = HomeView.swift; sourceTree = "<group>"; };
		AB7E56562AEE6B1000B94AB0 /* ChatListView.swift */ = {isa = PBXFileReference; lastKnownFileType = sourcecode.swift; path = ChatListView.swift; sourceTree = "<group>"; };
		AB7E56582AEE6B2400B94AB0 /* CardsView.swift */ = {isa = PBXFileReference; lastKnownFileType = sourcecode.swift; path = CardsView.swift; sourceTree = "<group>"; };
		AB7E565B2AEE6B2F00B94AB0 /* SearchView.swift */ = {isa = PBXFileReference; lastKnownFileType = sourcecode.swift; path = SearchView.swift; sourceTree = "<group>"; };
		AB7E565D2AEE6B3700B94AB0 /* ProfileView.swift */ = {isa = PBXFileReference; lastKnownFileType = sourcecode.swift; path = ProfileView.swift; sourceTree = "<group>"; };
		AB7E56622AEE7B6F00B94AB0 /* StoryView.swift */ = {isa = PBXFileReference; lastKnownFileType = sourcecode.swift; path = StoryView.swift; sourceTree = "<group>"; };
		AB8F1C6F2AFA92F2007E3C9A /* DMOptionsView.swift */ = {isa = PBXFileReference; lastKnownFileType = sourcecode.swift; path = DMOptionsView.swift; sourceTree = "<group>"; };
		AB974AB02AE3159B004BC717 /* junxApp.app */ = {isa = PBXFileReference; explicitFileType = wrapper.application; includeInIndex = 0; path = junxApp.app; sourceTree = BUILT_PRODUCTS_DIR; };
		AB974AB32AE3159B004BC717 /* junxAppApp.swift */ = {isa = PBXFileReference; lastKnownFileType = sourcecode.swift; path = junxAppApp.swift; sourceTree = "<group>"; };
		AB974AB52AE3159B004BC717 /* ContentView.swift */ = {isa = PBXFileReference; lastKnownFileType = sourcecode.swift; path = ContentView.swift; sourceTree = "<group>"; };
		AB974AB72AE3159D004BC717 /* Assets.xcassets */ = {isa = PBXFileReference; lastKnownFileType = folder.assetcatalog; path = Assets.xcassets; sourceTree = "<group>"; };
		AB974ABA2AE3159D004BC717 /* Preview Assets.xcassets */ = {isa = PBXFileReference; lastKnownFileType = folder.assetcatalog; path = "Preview Assets.xcassets"; sourceTree = "<group>"; };
		AB974AC42AE3184E004BC717 /* Extension+Color.swift */ = {isa = PBXFileReference; lastKnownFileType = sourcecode.swift; path = "Extension+Color.swift"; sourceTree = "<group>"; };
		AB974AC92AE3187F004BC717 /* SplashView.swift */ = {isa = PBXFileReference; lastKnownFileType = sourcecode.swift; path = SplashView.swift; sourceTree = "<group>"; };
		AB974ACB2AE3188C004BC717 /* Colors.xcassets */ = {isa = PBXFileReference; lastKnownFileType = folder.assetcatalog; path = Colors.xcassets; sourceTree = "<group>"; };
		AB974ACD2AE31A02004BC717 /* WelcomeView.swift */ = {isa = PBXFileReference; lastKnownFileType = sourcecode.swift; path = WelcomeView.swift; sourceTree = "<group>"; };
		ABA8CE282AFD387B00C969B4 /* ExploreMembersView.swift */ = {isa = PBXFileReference; lastKnownFileType = sourcecode.swift; path = ExploreMembersView.swift; sourceTree = "<group>"; };
		ABA8CE2A2AFD3B8C00C969B4 /* SearchBar.swift */ = {isa = PBXFileReference; lastKnownFileType = sourcecode.swift; path = SearchBar.swift; sourceTree = "<group>"; };
		ABAF0A102AF595B400ED358A /* MembersList.swift */ = {isa = PBXFileReference; lastKnownFileType = sourcecode.swift; path = MembersList.swift; sourceTree = "<group>"; };
		ABAF0A122AF595C600ED358A /* HomeViewModel.swift */ = {isa = PBXFileReference; lastKnownFileType = sourcecode.swift; path = HomeViewModel.swift; sourceTree = "<group>"; };
		ABAF0A142AF5B00000ED358A /* AddFilterBottomSheet.swift */ = {isa = PBXFileReference; lastKnownFileType = sourcecode.swift; path = AddFilterBottomSheet.swift; sourceTree = "<group>"; };
		ABAF0A172AF699D500ED358A /* FilterView.swift */ = {isa = PBXFileReference; lastKnownFileType = sourcecode.swift; path = FilterView.swift; sourceTree = "<group>"; };
		ABAF0A192AF6AAB700ED358A /* Constants.swift */ = {isa = PBXFileReference; lastKnownFileType = sourcecode.swift; path = Constants.swift; sourceTree = "<group>"; };
		ABAF0A1B2AF6DD6200ED358A /* FindFriendsView.swift */ = {isa = PBXFileReference; lastKnownFileType = sourcecode.swift; path = FindFriendsView.swift; sourceTree = "<group>"; };
		ABE866B22AF1A6EF0096415A /* AppUser.swift */ = {isa = PBXFileReference; lastKnownFileType = sourcecode.swift; path = AppUser.swift; sourceTree = "<group>"; };
		ABF784742B017D79007C0E55 /* NavigationBar.swift */ = {isa = PBXFileReference; lastKnownFileType = sourcecode.swift; path = NavigationBar.swift; sourceTree = "<group>"; };
/* End PBXFileReference section */

/* Begin PBXFrameworksBuildPhase section */
		AB974AAD2AE3159B004BC717 /* Frameworks */ = {
			isa = PBXFrameworksBuildPhase;
			buildActionMask = 2147483647;
			files = (
			);
			runOnlyForDeploymentPostprocessing = 0;
		};
/* End PBXFrameworksBuildPhase section */

/* Begin PBXGroup section */
		182D12102AFC1DDB001C3B5C /* Explore */ = {
			isa = PBXGroup;
			children = (
				182D12112AFC1DED001C3B5C /* ExploreScreen.swift */,
				ABA8CE282AFD387B00C969B4 /* ExploreMembersView.swift */,
			);
			path = Explore;
			sourceTree = "<group>";
		};
		188C352F2AF6DF3400904BDA /* LocationScreens */ = {
			isa = PBXGroup;
			children = (
				AB31A8832AFAA42900D14F62 /* ConfirmDeleteScreen.swift */,
				AB31A8822AFAA42900D14F62 /* NewLocationScreen.swift */,
				188C35342AF77F3E00904BDA /* LocationDetailScreen.swift */,
				188C35362AF81B6400904BDA /* EmergencyContactScreen.swift */,
				188C35382AF82B7800904BDA /* ConfirmSafety.swift */,
				188C353A2AF9777100904BDA /* CheckInScreen.swift */,
			);
			path = LocationScreens;
			sourceTree = "<group>";
		};
		189FF5DC2B05183F00D297DE /* Urbanist */ = {
			isa = PBXGroup;
			children = (
				189FF5EE2B05185600D297DE /* Urbanist-Black.ttf */,
				189FF5DD2B05185500D297DE /* Urbanist-BlackItalic.ttf */,
				189FF5E92B05185500D297DE /* Urbanist-Bold.ttf */,
				189FF5E22B05185500D297DE /* Urbanist-BoldItalic.ttf */,
				189FF5EA2B05185500D297DE /* Urbanist-ExtraBold.ttf */,
				189FF5E72B05185500D297DE /* Urbanist-ExtraBoldItalic.ttf */,
				189FF5E82B05185500D297DE /* Urbanist-ExtraLight.ttf */,
				189FF5E42B05185500D297DE /* Urbanist-ExtraLightItalic.ttf */,
				189FF5E02B05185500D297DE /* Urbanist-Italic.ttf */,
				189FF5DF2B05185500D297DE /* Urbanist-Light.ttf */,
				189FF5E52B05185500D297DE /* Urbanist-LightItalic.ttf */,
				189FF5DE2B05185500D297DE /* Urbanist-Medium.ttf */,
				189FF5ED2B05185600D297DE /* Urbanist-MediumItalic.ttf */,
				189FF5EB2B05185500D297DE /* Urbanist-Regular.ttf */,
				189FF5EC2B05185600D297DE /* Urbanist-SemiBold.ttf */,
				189FF5E62B05185500D297DE /* Urbanist-SemiBoldItalic.ttf */,
				189FF5E12B05185500D297DE /* Urbanist-Thin.ttf */,
				189FF5E32B05185500D297DE /* Urbanist-ThinItalic.ttf */,
			);
			path = Urbanist;
			sourceTree = "<group>";
		};
		189FF6012B051A2A00D297DE /* SFPRO */ = {
			isa = PBXGroup;
			children = (
				189FF62E2B065F2200D297DE /* sf-pro-text-medium.ttf */,
				189FF60A2B051A4C00D297DE /* SFPRODISPLAYBLACKITALIC.OTF */,
				189FF6082B051A4C00D297DE /* SFPRODISPLAYBOLD.OTF */,
				189FF6092B051A4C00D297DE /* SFPRODISPLAYHEAVYITALIC.OTF */,
				189FF6072B051A4C00D297DE /* SFPRODISPLAYLIGHTITALIC.OTF */,
				189FF6062B051A4C00D297DE /* SFPRODISPLAYMEDIUM.OTF */,
				189FF60C2B051A4D00D297DE /* SFPRODISPLAYREGULAR.OTF */,
				189FF60B2B051A4C00D297DE /* SFPRODISPLAYSEMIBOLDITALIC.OTF */,
				189FF6052B051A4C00D297DE /* SFPRODISPLAYTHINITALIC.OTF */,
				189FF6042B051A4C00D297DE /* SFPRODISPLAYULTRALIGHTITALIC.OTF */,
			);
			path = SFPRO;
			sourceTree = "<group>";
		};
		189FF6162B05627200D297DE /* ProfileSetup */ = {
			isa = PBXGroup;
			children = (
				189FF6302B069A6100D297DE /* SelfieVerification */,
				189FF6172B05629200D297DE /* NameScreen.swift */,
				189FF6192B0562C200D297DE /* UserNameScreen.swift */,
				189FF61B2B0562D100D297DE /* GenderScreen.swift */,
				189FF61D2B0562E600D297DE /* UploadPhotoView.swift */,
				189FF6232B05D8F600D297DE /* InterestView.swift */,
				189FF6252B05D9CD00D297DE /* ProfileCompleteView.swift */,
			);
			path = ProfileSetup;
			sourceTree = "<group>";
		};
		189FF6272B05DC2D00D297DE /* Permisions */ = {
			isa = PBXGroup;
			children = (
				189FF6282B05DC3F00D297DE /* AccessCameraView.swift */,
				189FF62A2B05DE7800D297DE /* AccessContactView.swift */,
				189FF62C2B05DF4700D297DE /* EnableNotificationView.swift */,
			);
			path = Permisions;
			sourceTree = "<group>";
		};
		189FF6302B069A6100D297DE /* SelfieVerification */ = {
			isa = PBXGroup;
			children = (
				189FF6312B069A7600D297DE /* VerifySelfieView.swift */,
				189FF6332B06A06B00D297DE /* SelfieFailView.swift */,
			);
			path = SelfieVerification;
			sourceTree = "<group>";
		};
		AB05EAF92AE46320009C861C /* Utils */ = {
			isa = PBXGroup;
			children = (
				AB05EAFA2AE4632A009C861C /* Fonts */,
			);
			path = Utils;
			sourceTree = "<group>";
		};
		AB05EAFA2AE4632A009C861C /* Fonts */ = {
			isa = PBXGroup;
			children = (
				189FF6012B051A2A00D297DE /* SFPRO */,
				189FF5DC2B05183F00D297DE /* Urbanist */,
				AB6F6B832AFAD5D9004E0DAE /* Roboto */,
				AB05EB172AE464EB009C861C /* Inter */,
				AB05EAFB2AE46334009C861C /* Manuale */,
				AB59A23B2AF941C7004B7FE5 /* Mulish */,
				AB731F112AE598AD007ACB9F /* Sk-Modernist */,
			);
			path = Fonts;
			sourceTree = "<group>";
		};
		AB05EAFB2AE46334009C861C /* Manuale */ = {
			isa = PBXGroup;
			children = (
				AB05EAFC2AE46334009C861C /* Manuale-LightItalic.ttf */,
				AB05EAFD2AE46334009C861C /* Manuale-Italic.ttf */,
				AB05EAFE2AE46334009C861C /* Manuale-SemiBold.ttf */,
				AB05EAFF2AE46334009C861C /* Manuale-Regular.ttf */,
				AB05EB002AE46334009C861C /* Manuale-Bold.ttf */,
				AB05EB012AE46334009C861C /* Manuale-Light.ttf */,
				AB05EB022AE46334009C861C /* Manuale-MediumItalic.ttf */,
				AB05EB032AE46334009C861C /* Manuale-ExtraBoldItalic.ttf */,
				AB05EB042AE46334009C861C /* Manuale-BoldItalic.ttf */,
				AB05EB052AE46334009C861C /* Manuale-SemiBoldItalic.ttf */,
				AB05EB062AE46334009C861C /* Manuale-ExtraBold.ttf */,
				AB05EB072AE46334009C861C /* Manuale-Medium.ttf */,
			);
			path = Manuale;
			sourceTree = "<group>";
		};
		AB05EB172AE464EB009C861C /* Inter */ = {
			isa = PBXGroup;
			children = (
				AB05EB1F2AE46505009C861C /* Inter-Black.ttf */,
				AB05EB1B2AE46505009C861C /* Inter-Bold.ttf */,
				AB05EB182AE46505009C861C /* Inter-ExtraBold.ttf */,
				AB05EB1A2AE46505009C861C /* Inter-ExtraLight.ttf */,
				AB05EB1D2AE46505009C861C /* Inter-Light.ttf */,
				AB05EB192AE46505009C861C /* Inter-Medium.ttf */,
				AB05EB202AE46505009C861C /* Inter-Regular.ttf */,
				AB05EB1C2AE46505009C861C /* Inter-SemiBold.ttf */,
				AB05EB1E2AE46505009C861C /* Inter-Thin.ttf */,
			);
			path = Inter;
			sourceTree = "<group>";
		};
		AB59A2382AF834E1004B7FE5 /* Custom Views */ = {
			isa = PBXGroup;
			children = (
				ABAF0A142AF5B00000ED358A /* AddFilterBottomSheet.swift */,
				AB7E56622AEE7B6F00B94AB0 /* StoryView.swift */,
				ABA8CE2A2AFD3B8C00C969B4 /* SearchBar.swift */,
				ABF784742B017D79007C0E55 /* NavigationBar.swift */,
			);
			path = "Custom Views";
			sourceTree = "<group>";
		};
		AB59A23B2AF941C7004B7FE5 /* Mulish */ = {
			isa = PBXGroup;
			children = (
				AB59A23E2AF941EC004B7FE5 /* Mulish-Bold.ttf */,
				AB59A23C2AF941EC004B7FE5 /* Mulish-Medium.ttf */,
				AB59A23D2AF941EC004B7FE5 /* Mulish-Regular.ttf */,
				AB59A23F2AF941EC004B7FE5 /* Mulish-SemiBold.ttf */,
			);
			path = Mulish;
			sourceTree = "<group>";
		};
		AB6F6B832AFAD5D9004E0DAE /* Roboto */ = {
			isa = PBXGroup;
			children = (
				AB6F6B852AFAD5EF004E0DAE /* Roboto-Bold.ttf */,
				AB6F6B862AFAD5EF004E0DAE /* Roboto-Medium.ttf */,
				AB6F6B842AFAD5EF004E0DAE /* Roboto-Regular.ttf */,
			);
			path = Roboto;
			sourceTree = "<group>";
		};
		AB731F002AE56A33007ACB9F /* Other Views */ = {
			isa = PBXGroup;
			children = (
				AB731F012AE56A54007ACB9F /* WhiteBackground.swift */,
				AB731F032AE56A78007ACB9F /* CustomButton.swift */,
				AB731F052AE56AAF007ACB9F /* OnboardingTopView.swift */,
				AB731F072AE58180007ACB9F /* TextFieldOTP.swift */,
				AB731F092AE58E2E007ACB9F /* TextFieldBordered.swift */,
				AB731F0F2AE59634007ACB9F /* KeyboardView.swift */,
				189FF61F2B05633900D297DE /* ProfileTextField.swift */,
				189FF6212B05713400D297DE /* SelectionCard.swift */,
			);
			path = "Other Views";
			sourceTree = "<group>";
		};
		AB731F112AE598AD007ACB9F /* Sk-Modernist */ = {
			isa = PBXGroup;
			children = (
				AB731F122AE598AD007ACB9F /* Sk-Modernist-Mono.otf */,
				AB731F132AE598AD007ACB9F /* fontsme.com.url */,
				AB731F142AE598AD007ACB9F /* Sk-Modernist-Bold.otf */,
				AB731F152AE598AD007ACB9F /* license.txt */,
				AB731F162AE598AD007ACB9F /* Sk-Modernist-Regular.otf */,
			);
			path = "Sk-Modernist";
			sourceTree = "<group>";
		};
		AB731F1C2AE66AFF007ACB9F /* ViewModels */ = {
			isa = PBXGroup;
			children = (
				AB731F1D2AE66B0C007ACB9F /* OnboardingViewModel.swift */,
				ABAF0A122AF595C600ED358A /* HomeViewModel.swift */,
			);
			path = ViewModels;
			sourceTree = "<group>";
		};
		AB7E564C2AEE67A900B94AB0 /* Tabbar */ = {
			isa = PBXGroup;
			children = (
				AB7E564D2AEE6AD700B94AB0 /* TabbarView.swift */,
				AB7E564F2AEE6ADA00B94AB0 /* Home */,
				AB7E56502AEE6AE100B94AB0 /* Chat */,
				AB7E56512AEE6AE700B94AB0 /* Cards */,
				182D12102AFC1DDB001C3B5C /* Explore */,
				AB7E56522AEE6AEE00B94AB0 /* Search */,
				AB7E56532AEE6AF500B94AB0 /* Profile */,
			);
			path = Tabbar;
			sourceTree = "<group>";
		};
		AB7E564F2AEE6ADA00B94AB0 /* Home */ = {
			isa = PBXGroup;
			children = (
				AB7E56542AEE6B0700B94AB0 /* HomeView.swift */,
				ABAF0A102AF595B400ED358A /* MembersList.swift */,
				ABAF0A172AF699D500ED358A /* FilterView.swift */,
				ABAF0A1B2AF6DD6200ED358A /* FindFriendsView.swift */,
				188C35462AFAD4D100904BDA /* UserFullView.swift */,
			);
			path = Home;
			sourceTree = "<group>";
		};
		AB7E56502AEE6AE100B94AB0 /* Chat */ = {
			isa = PBXGroup;
			children = (
				AB7E56562AEE6B1000B94AB0 /* ChatListView.swift */,
				AB59A2392AF931CC004B7FE5 /* DMView.swift */,
				AB8F1C6F2AFA92F2007E3C9A /* DMOptionsView.swift */,
				188C35442AFAD48C00904BDA /* DeleteChatView.swift */,
				AB31A8862AFAA50700D14F62 /* ArrangeMeetupView.swift */,
				188C35422AFAD47300904BDA /* DecidePlaceScreen.swift */,
				188C352F2AF6DF3400904BDA /* LocationScreens */,
			);
			path = Chat;
			sourceTree = "<group>";
		};
		AB7E56512AEE6AE700B94AB0 /* Cards */ = {
			isa = PBXGroup;
			children = (
				AB7E56582AEE6B2400B94AB0 /* CardsView.swift */,
				188C35482AFC0A6800904BDA /* MatchesScreen.swift */,
			);
			path = Cards;
			sourceTree = "<group>";
		};
		AB7E56522AEE6AEE00B94AB0 /* Search */ = {
			isa = PBXGroup;
			children = (
				AB7E565B2AEE6B2F00B94AB0 /* SearchView.swift */,
			);
			path = Search;
			sourceTree = "<group>";
		};
		AB7E56532AEE6AF500B94AB0 /* Profile */ = {
			isa = PBXGroup;
			children = (
				AB7E565D2AEE6B3700B94AB0 /* ProfileView.swift */,
			);
			path = Profile;
			sourceTree = "<group>";
		};
		AB974AA72AE3159B004BC717 = {
			isa = PBXGroup;
			children = (
				AB974AB22AE3159B004BC717 /* junxApp */,
				AB974AB12AE3159B004BC717 /* Products */,
			);
			sourceTree = "<group>";
		};
		AB974AB12AE3159B004BC717 /* Products */ = {
			isa = PBXGroup;
			children = (
				AB974AB02AE3159B004BC717 /* junxApp.app */,
			);
			name = Products;
			sourceTree = "<group>";
		};
		AB974AB22AE3159B004BC717 /* junxApp */ = {
			isa = PBXGroup;
			children = (
				AB05EB162AE463C3009C861C /* Info.plist */,
				AB974AC12AE31836004BC717 /* MVVM */,
				AB974AC22AE3183C004BC717 /* Helpers */,
				AB05EAF92AE46320009C861C /* Utils */,
				AB974AB32AE3159B004BC717 /* junxAppApp.swift */,
				AB974AB52AE3159B004BC717 /* ContentView.swift */,
				AB974AB72AE3159D004BC717 /* Assets.xcassets */,
				AB974ACB2AE3188C004BC717 /* Colors.xcassets */,
				AB974AB92AE3159D004BC717 /* Preview Content */,
			);
			path = junxApp;
			sourceTree = "<group>";
		};
		AB974AB92AE3159D004BC717 /* Preview Content */ = {
			isa = PBXGroup;
			children = (
				AB974ABA2AE3159D004BC717 /* Preview Assets.xcassets */,
			);
			path = "Preview Content";
			sourceTree = "<group>";
		};
		AB974AC12AE31836004BC717 /* MVVM */ = {
			isa = PBXGroup;
			children = (
				ABE866B12AF1A6E30096415A /* Models */,
				AB731F1C2AE66AFF007ACB9F /* ViewModels */,
				AB974AC62AE31869004BC717 /* Views */,
			);
			path = MVVM;
			sourceTree = "<group>";
		};
		AB974AC22AE3183C004BC717 /* Helpers */ = {
			isa = PBXGroup;
			children = (
				AB974AC32AE31843004BC717 /* Extensions */,
				ABAF0A192AF6AAB700ED358A /* Constants.swift */,
			);
			path = Helpers;
			sourceTree = "<group>";
		};
		AB974AC32AE31843004BC717 /* Extensions */ = {
			isa = PBXGroup;
			children = (
				AB974AC42AE3184E004BC717 /* Extension+Color.swift */,
				AB05EB142AE46363009C861C /* Extension+Font.swift */,
			);
			path = Extensions;
			sourceTree = "<group>";
		};
		AB974AC62AE31869004BC717 /* Views */ = {
			isa = PBXGroup;
			children = (
				AB59A2382AF834E1004B7FE5 /* Custom Views */,
				AB974AC82AE31875004BC717 /* Splash */,
				AB974AC72AE31870004BC717 /* Onboarding */,
				AB7E564C2AEE67A900B94AB0 /* Tabbar */,
			);
			path = Views;
			sourceTree = "<group>";
		};
		AB974AC72AE31870004BC717 /* Onboarding */ = {
			isa = PBXGroup;
			children = (
				189FF6272B05DC2D00D297DE /* Permisions */,
				189FF6162B05627200D297DE /* ProfileSetup */,
				AB731F002AE56A33007ACB9F /* Other Views */,
				AB974ACD2AE31A02004BC717 /* WelcomeView.swift */,
				AB05EAF72AE462F2009C861C /* LandingView.swift */,
				AB05EB2A2AE46C3C009C861C /* SelectLoginView.swift */,
				AB05EB2C2AE471D9009C861C /* PhoneNumberView.swift */,
				AB05EB2E2AE47657009C861C /* OTPView.swift */,
				AB731EFE2AE56906007ACB9F /* ForgotPasswordView.swift */,
				AB731F0B2AE59027007ACB9F /* EmailView.swift */,
				AB731F0D2AE59089007ACB9F /* LoginView.swift */,
			);
			path = Onboarding;
			sourceTree = "<group>";
		};
		AB974AC82AE31875004BC717 /* Splash */ = {
			isa = PBXGroup;
			children = (
				AB974AC92AE3187F004BC717 /* SplashView.swift */,
			);
			path = Splash;
			sourceTree = "<group>";
		};
		ABE866B12AF1A6E30096415A /* Models */ = {
			isa = PBXGroup;
			children = (
				ABE866B22AF1A6EF0096415A /* AppUser.swift */,
			);
			path = Models;
			sourceTree = "<group>";
		};
/* End PBXGroup section */

/* Begin PBXNativeTarget section */
		AB974AAF2AE3159B004BC717 /* junxApp */ = {
			isa = PBXNativeTarget;
			buildConfigurationList = AB974ABE2AE3159D004BC717 /* Build configuration list for PBXNativeTarget "junxApp" */;
			buildPhases = (
				AB974AAC2AE3159B004BC717 /* Sources */,
				AB974AAD2AE3159B004BC717 /* Frameworks */,
				AB974AAE2AE3159B004BC717 /* Resources */,
			);
			buildRules = (
			);
			dependencies = (
			);
			name = junxApp;
			productName = junxApp;
			productReference = AB974AB02AE3159B004BC717 /* junxApp.app */;
			productType = "com.apple.product-type.application";
		};
/* End PBXNativeTarget section */

/* Begin PBXProject section */
		AB974AA82AE3159B004BC717 /* Project object */ = {
			isa = PBXProject;
			attributes = {
				BuildIndependentTargetsInParallel = 1;
				LastSwiftUpdateCheck = 1500;
				LastUpgradeCheck = 1500;
				TargetAttributes = {
					AB974AAF2AE3159B004BC717 = {
						CreatedOnToolsVersion = 15.0;
					};
				};
			};
			buildConfigurationList = AB974AAB2AE3159B004BC717 /* Build configuration list for PBXProject "junxApp" */;
			compatibilityVersion = "Xcode 14.0";
			developmentRegion = en;
			hasScannedForEncodings = 0;
			knownRegions = (
				en,
				Base,
			);
			mainGroup = AB974AA72AE3159B004BC717;
			productRefGroup = AB974AB12AE3159B004BC717 /* Products */;
			projectDirPath = "";
			projectRoot = "";
			targets = (
				AB974AAF2AE3159B004BC717 /* junxApp */,
			);
		};
/* End PBXProject section */

/* Begin PBXResourcesBuildPhase section */
		AB974AAE2AE3159B004BC717 /* Resources */ = {
			isa = PBXResourcesBuildPhase;
			buildActionMask = 2147483647;
			files = (
				189FF5F62B05185600D297DE /* Urbanist-ExtraLightItalic.ttf in Resources */,
				189FF5EF2B05185600D297DE /* Urbanist-BlackItalic.ttf in Resources */,
				189FF6132B051A4D00D297DE /* SFPRODISPLAYBLACKITALIC.OTF in Resources */,
				AB05EB0D2AE46334009C861C /* Manuale-Light.ttf in Resources */,
				AB59A2432AF941EC004B7FE5 /* Mulish-SemiBold.ttf in Resources */,
				AB731F192AE598AD007ACB9F /* Sk-Modernist-Bold.otf in Resources */,
				AB974ACC2AE3188C004BC717 /* Colors.xcassets in Resources */,
				189FF6102B051A4D00D297DE /* SFPRODISPLAYLIGHTITALIC.OTF in Resources */,
				AB05EB122AE46334009C861C /* Manuale-ExtraBold.ttf in Resources */,
				189FF62F2B065F2200D297DE /* sf-pro-text-medium.ttf in Resources */,
				AB731F182AE598AD007ACB9F /* fontsme.com.url in Resources */,
				AB05EB212AE46505009C861C /* Inter-ExtraBold.ttf in Resources */,
				189FF5FE2B05185600D297DE /* Urbanist-SemiBold.ttf in Resources */,
				AB6F6B882AFAD5EF004E0DAE /* Roboto-Bold.ttf in Resources */,
				189FF5F42B05185600D297DE /* Urbanist-BoldItalic.ttf in Resources */,
				AB6F6B892AFAD5EF004E0DAE /* Roboto-Medium.ttf in Resources */,
				AB05EB132AE46334009C861C /* Manuale-Medium.ttf in Resources */,
				AB05EB082AE46334009C861C /* Manuale-LightItalic.ttf in Resources */,
				AB05EB112AE46334009C861C /* Manuale-SemiBoldItalic.ttf in Resources */,
				AB59A2422AF941EC004B7FE5 /* Mulish-Bold.ttf in Resources */,
				AB05EB282AE46505009C861C /* Inter-Black.ttf in Resources */,
				189FF5F92B05185600D297DE /* Urbanist-ExtraBoldItalic.ttf in Resources */,
				189FF5FB2B05185600D297DE /* Urbanist-Bold.ttf in Resources */,
				AB731F172AE598AD007ACB9F /* Sk-Modernist-Mono.otf in Resources */,
				AB731F1B2AE598AD007ACB9F /* Sk-Modernist-Regular.otf in Resources */,
				AB6F6B872AFAD5EF004E0DAE /* Roboto-Regular.ttf in Resources */,
				AB05EB232AE46505009C861C /* Inter-ExtraLight.ttf in Resources */,
				189FF6002B05185600D297DE /* Urbanist-Black.ttf in Resources */,
				AB05EB252AE46505009C861C /* Inter-SemiBold.ttf in Resources */,
				AB974ABB2AE3159D004BC717 /* Preview Assets.xcassets in Resources */,
				AB05EB222AE46505009C861C /* Inter-Medium.ttf in Resources */,
				189FF5FC2B05185600D297DE /* Urbanist-ExtraBold.ttf in Resources */,
				189FF6152B051A4D00D297DE /* SFPRODISPLAYREGULAR.OTF in Resources */,
				AB05EB242AE46505009C861C /* Inter-Bold.ttf in Resources */,
				189FF5F32B05185600D297DE /* Urbanist-Thin.ttf in Resources */,
				189FF5F52B05185600D297DE /* Urbanist-ThinItalic.ttf in Resources */,
				189FF5F82B05185600D297DE /* Urbanist-SemiBoldItalic.ttf in Resources */,
				189FF6112B051A4D00D297DE /* SFPRODISPLAYBOLD.OTF in Resources */,
				AB05EB0F2AE46334009C861C /* Manuale-ExtraBoldItalic.ttf in Resources */,
				AB05EB262AE46505009C861C /* Inter-Light.ttf in Resources */,
				189FF5F02B05185600D297DE /* Urbanist-Medium.ttf in Resources */,
				AB05EB092AE46334009C861C /* Manuale-Italic.ttf in Resources */,
				AB974AB82AE3159D004BC717 /* Assets.xcassets in Resources */,
				189FF5FF2B05185600D297DE /* Urbanist-MediumItalic.ttf in Resources */,
				189FF60D2B051A4D00D297DE /* SFPRODISPLAYULTRALIGHTITALIC.OTF in Resources */,
				189FF5F12B05185600D297DE /* Urbanist-Light.ttf in Resources */,
				AB05EB272AE46505009C861C /* Inter-Thin.ttf in Resources */,
				189FF60F2B051A4D00D297DE /* SFPRODISPLAYMEDIUM.OTF in Resources */,
				189FF6122B051A4D00D297DE /* SFPRODISPLAYHEAVYITALIC.OTF in Resources */,
				189FF60E2B051A4D00D297DE /* SFPRODISPLAYTHINITALIC.OTF in Resources */,
				189FF5FA2B05185600D297DE /* Urbanist-ExtraLight.ttf in Resources */,
				AB05EB0C2AE46334009C861C /* Manuale-Bold.ttf in Resources */,
				AB05EB0B2AE46334009C861C /* Manuale-Regular.ttf in Resources */,
				AB59A2402AF941EC004B7FE5 /* Mulish-Medium.ttf in Resources */,
				AB05EB102AE46334009C861C /* Manuale-BoldItalic.ttf in Resources */,
				189FF5F22B05185600D297DE /* Urbanist-Italic.ttf in Resources */,
				189FF5FD2B05185600D297DE /* Urbanist-Regular.ttf in Resources */,
				AB731F1A2AE598AD007ACB9F /* license.txt in Resources */,
				AB05EB0A2AE46334009C861C /* Manuale-SemiBold.ttf in Resources */,
				AB05EB292AE46505009C861C /* Inter-Regular.ttf in Resources */,
				189FF6142B051A4D00D297DE /* SFPRODISPLAYSEMIBOLDITALIC.OTF in Resources */,
				189FF5F72B05185600D297DE /* Urbanist-LightItalic.ttf in Resources */,
				AB05EB0E2AE46334009C861C /* Manuale-MediumItalic.ttf in Resources */,
				AB59A2412AF941EC004B7FE5 /* Mulish-Regular.ttf in Resources */,
			);
			runOnlyForDeploymentPostprocessing = 0;
		};
/* End PBXResourcesBuildPhase section */

/* Begin PBXSourcesBuildPhase section */
		AB974AAC2AE3159B004BC717 /* Sources */ = {
			isa = PBXSourcesBuildPhase;
			buildActionMask = 2147483647;
			files = (
				188C35372AF81B6500904BDA /* EmergencyContactScreen.swift in Sources */,
				AB731F042AE56A78007ACB9F /* CustomButton.swift in Sources */,
				ABAF0A112AF595B400ED358A /* MembersList.swift in Sources */,
				AB731F0C2AE59027007ACB9F /* EmailView.swift in Sources */,
				AB7E56572AEE6B1000B94AB0 /* ChatListView.swift in Sources */,
				189FF62B2B05DE7800D297DE /* AccessContactView.swift in Sources */,
				AB05EB2D2AE471D9009C861C /* PhoneNumberView.swift in Sources */,
				AB8F1C702AFA92F2007E3C9A /* DMOptionsView.swift in Sources */,
				ABA8CE2B2AFD3B8C00C969B4 /* SearchBar.swift in Sources */,
				AB731F0A2AE58E2E007ACB9F /* TextFieldBordered.swift in Sources */,
				189FF6322B069A7600D297DE /* VerifySelfieView.swift in Sources */,
				AB731EFF2AE56906007ACB9F /* ForgotPasswordView.swift in Sources */,
				AB7E56552AEE6B0700B94AB0 /* HomeView.swift in Sources */,
				189FF61E2B0562E600D297DE /* UploadPhotoView.swift in Sources */,
				189FF61A2B0562C200D297DE /* UserNameScreen.swift in Sources */,
				AB05EAF82AE462F2009C861C /* LandingView.swift in Sources */,
				AB974ACE2AE31A02004BC717 /* WelcomeView.swift in Sources */,
				ABE866B32AF1A6EF0096415A /* AppUser.swift in Sources */,
				182D12122AFC1DED001C3B5C /* ExploreScreen.swift in Sources */,
				AB31A8872AFAA50700D14F62 /* ArrangeMeetupView.swift in Sources */,
				ABA8CE292AFD387B00C969B4 /* ExploreMembersView.swift in Sources */,
				ABF784752B017D79007C0E55 /* NavigationBar.swift in Sources */,
				AB974AB62AE3159B004BC717 /* ContentView.swift in Sources */,
				ABAF0A1C2AF6DD6200ED358A /* FindFriendsView.swift in Sources */,
				ABAF0A182AF699D500ED358A /* FilterView.swift in Sources */,
				AB7E56632AEE7B6F00B94AB0 /* StoryView.swift in Sources */,
				AB731F102AE59634007ACB9F /* KeyboardView.swift in Sources */,
				AB731F022AE56A54007ACB9F /* WhiteBackground.swift in Sources */,
				188C35472AFAD4D100904BDA /* UserFullView.swift in Sources */,
				189FF6202B05633900D297DE /* ProfileTextField.swift in Sources */,
				189FF6342B06A06B00D297DE /* SelfieFailView.swift in Sources */,
				189FF61C2B0562D100D297DE /* GenderScreen.swift in Sources */,
				188C353B2AF9777100904BDA /* CheckInScreen.swift in Sources */,
				AB974ACA2AE3187F004BC717 /* SplashView.swift in Sources */,
				AB05EB2B2AE46C3C009C861C /* SelectLoginView.swift in Sources */,
				189FF6182B05629200D297DE /* NameScreen.swift in Sources */,
				AB7E565E2AEE6B3700B94AB0 /* ProfileView.swift in Sources */,
				189FF6242B05D8F600D297DE /* InterestView.swift in Sources */,
				AB05EB2F2AE47657009C861C /* OTPView.swift in Sources */,
				AB7E565C2AEE6B2F00B94AB0 /* SearchView.swift in Sources */,
				AB731F0E2AE59089007ACB9F /* LoginView.swift in Sources */,
				AB05EB152AE46363009C861C /* Extension+Font.swift in Sources */,
				AB59A23A2AF931CC004B7FE5 /* DMView.swift in Sources */,
				AB31A8852AFAA42900D14F62 /* NewLocationScreen.swift in Sources */,
				188C35452AFAD48C00904BDA /* DeleteChatView.swift in Sources */,
				188C35392AF82B7800904BDA /* ConfirmSafety.swift in Sources */,
				ABAF0A1A2AF6AAB700ED358A /* Constants.swift in Sources */,
				AB7E564E2AEE6AD700B94AB0 /* TabbarView.swift in Sources */,
				AB31A8842AFAA42900D14F62 /* ConfirmDeleteScreen.swift in Sources */,
				188C35432AFAD47300904BDA /* DecidePlaceScreen.swift in Sources */,
				AB7E56592AEE6B2400B94AB0 /* CardsView.swift in Sources */,
				ABAF0A152AF5B00000ED358A /* AddFilterBottomSheet.swift in Sources */,
				189FF6222B05713400D297DE /* SelectionCard.swift in Sources */,
				188C35352AF77F3E00904BDA /* LocationDetailScreen.swift in Sources */,
				189FF6292B05DC3F00D297DE /* AccessCameraView.swift in Sources */,
				AB731F1E2AE66B0C007ACB9F /* OnboardingViewModel.swift in Sources */,
				188C35492AFC0A6800904BDA /* MatchesScreen.swift in Sources */,
				189FF6262B05D9CD00D297DE /* ProfileCompleteView.swift in Sources */,
				AB974AC52AE3184E004BC717 /* Extension+Color.swift in Sources */,
				AB974AB42AE3159B004BC717 /* junxAppApp.swift in Sources */,
				189FF62D2B05DF4700D297DE /* EnableNotificationView.swift in Sources */,
				AB731F082AE58180007ACB9F /* TextFieldOTP.swift in Sources */,
				ABAF0A132AF595C600ED358A /* HomeViewModel.swift in Sources */,
				AB731F062AE56AAF007ACB9F /* OnboardingTopView.swift in Sources */,
			);
			runOnlyForDeploymentPostprocessing = 0;
		};
/* End PBXSourcesBuildPhase section */

/* Begin XCBuildConfiguration section */
		AB974ABC2AE3159D004BC717 /* Debug */ = {
			isa = XCBuildConfiguration;
			buildSettings = {
				ALWAYS_SEARCH_USER_PATHS = NO;
				ASSETCATALOG_COMPILER_GENERATE_SWIFT_ASSET_SYMBOL_EXTENSIONS = YES;
				CLANG_ANALYZER_NONNULL = YES;
				CLANG_ANALYZER_NUMBER_OBJECT_CONVERSION = YES_AGGRESSIVE;
				CLANG_CXX_LANGUAGE_STANDARD = "gnu++20";
				CLANG_ENABLE_MODULES = YES;
				CLANG_ENABLE_OBJC_ARC = YES;
				CLANG_ENABLE_OBJC_WEAK = YES;
				CLANG_WARN_BLOCK_CAPTURE_AUTORELEASING = YES;
				CLANG_WARN_BOOL_CONVERSION = YES;
				CLANG_WARN_COMMA = YES;
				CLANG_WARN_CONSTANT_CONVERSION = YES;
				CLANG_WARN_DEPRECATED_OBJC_IMPLEMENTATIONS = YES;
				CLANG_WARN_DIRECT_OBJC_ISA_USAGE = YES_ERROR;
				CLANG_WARN_DOCUMENTATION_COMMENTS = YES;
				CLANG_WARN_EMPTY_BODY = YES;
				CLANG_WARN_ENUM_CONVERSION = YES;
				CLANG_WARN_INFINITE_RECURSION = YES;
				CLANG_WARN_INT_CONVERSION = YES;
				CLANG_WARN_NON_LITERAL_NULL_CONVERSION = YES;
				CLANG_WARN_OBJC_IMPLICIT_RETAIN_SELF = YES;
				CLANG_WARN_OBJC_LITERAL_CONVERSION = YES;
				CLANG_WARN_OBJC_ROOT_CLASS = YES_ERROR;
				CLANG_WARN_QUOTED_INCLUDE_IN_FRAMEWORK_HEADER = YES;
				CLANG_WARN_RANGE_LOOP_ANALYSIS = YES;
				CLANG_WARN_STRICT_PROTOTYPES = YES;
				CLANG_WARN_SUSPICIOUS_MOVE = YES;
				CLANG_WARN_UNGUARDED_AVAILABILITY = YES_AGGRESSIVE;
				CLANG_WARN_UNREACHABLE_CODE = YES;
				CLANG_WARN__DUPLICATE_METHOD_MATCH = YES;
				COPY_PHASE_STRIP = NO;
				DEBUG_INFORMATION_FORMAT = dwarf;
				ENABLE_STRICT_OBJC_MSGSEND = YES;
				ENABLE_TESTABILITY = YES;
				ENABLE_USER_SCRIPT_SANDBOXING = YES;
				GCC_C_LANGUAGE_STANDARD = gnu17;
				GCC_DYNAMIC_NO_PIC = NO;
				GCC_NO_COMMON_BLOCKS = YES;
				GCC_OPTIMIZATION_LEVEL = 0;
				GCC_PREPROCESSOR_DEFINITIONS = (
					"DEBUG=1",
					"$(inherited)",
				);
				GCC_WARN_64_TO_32_BIT_CONVERSION = YES;
				GCC_WARN_ABOUT_RETURN_TYPE = YES_ERROR;
				GCC_WARN_UNDECLARED_SELECTOR = YES;
				GCC_WARN_UNINITIALIZED_AUTOS = YES_AGGRESSIVE;
				GCC_WARN_UNUSED_FUNCTION = YES;
				GCC_WARN_UNUSED_VARIABLE = YES;
				IPHONEOS_DEPLOYMENT_TARGET = 17.0;
				LOCALIZATION_PREFERS_STRING_CATALOGS = YES;
				MTL_ENABLE_DEBUG_INFO = INCLUDE_SOURCE;
				MTL_FAST_MATH = YES;
				ONLY_ACTIVE_ARCH = YES;
				SDKROOT = iphoneos;
				SWIFT_ACTIVE_COMPILATION_CONDITIONS = "DEBUG $(inherited)";
				SWIFT_OPTIMIZATION_LEVEL = "-Onone";
			};
			name = Debug;
		};
		AB974ABD2AE3159D004BC717 /* Release */ = {
			isa = XCBuildConfiguration;
			buildSettings = {
				ALWAYS_SEARCH_USER_PATHS = NO;
				ASSETCATALOG_COMPILER_GENERATE_SWIFT_ASSET_SYMBOL_EXTENSIONS = YES;
				CLANG_ANALYZER_NONNULL = YES;
				CLANG_ANALYZER_NUMBER_OBJECT_CONVERSION = YES_AGGRESSIVE;
				CLANG_CXX_LANGUAGE_STANDARD = "gnu++20";
				CLANG_ENABLE_MODULES = YES;
				CLANG_ENABLE_OBJC_ARC = YES;
				CLANG_ENABLE_OBJC_WEAK = YES;
				CLANG_WARN_BLOCK_CAPTURE_AUTORELEASING = YES;
				CLANG_WARN_BOOL_CONVERSION = YES;
				CLANG_WARN_COMMA = YES;
				CLANG_WARN_CONSTANT_CONVERSION = YES;
				CLANG_WARN_DEPRECATED_OBJC_IMPLEMENTATIONS = YES;
				CLANG_WARN_DIRECT_OBJC_ISA_USAGE = YES_ERROR;
				CLANG_WARN_DOCUMENTATION_COMMENTS = YES;
				CLANG_WARN_EMPTY_BODY = YES;
				CLANG_WARN_ENUM_CONVERSION = YES;
				CLANG_WARN_INFINITE_RECURSION = YES;
				CLANG_WARN_INT_CONVERSION = YES;
				CLANG_WARN_NON_LITERAL_NULL_CONVERSION = YES;
				CLANG_WARN_OBJC_IMPLICIT_RETAIN_SELF = YES;
				CLANG_WARN_OBJC_LITERAL_CONVERSION = YES;
				CLANG_WARN_OBJC_ROOT_CLASS = YES_ERROR;
				CLANG_WARN_QUOTED_INCLUDE_IN_FRAMEWORK_HEADER = YES;
				CLANG_WARN_RANGE_LOOP_ANALYSIS = YES;
				CLANG_WARN_STRICT_PROTOTYPES = YES;
				CLANG_WARN_SUSPICIOUS_MOVE = YES;
				CLANG_WARN_UNGUARDED_AVAILABILITY = YES_AGGRESSIVE;
				CLANG_WARN_UNREACHABLE_CODE = YES;
				CLANG_WARN__DUPLICATE_METHOD_MATCH = YES;
				COPY_PHASE_STRIP = NO;
				DEBUG_INFORMATION_FORMAT = "dwarf-with-dsym";
				ENABLE_NS_ASSERTIONS = NO;
				ENABLE_STRICT_OBJC_MSGSEND = YES;
				ENABLE_USER_SCRIPT_SANDBOXING = YES;
				GCC_C_LANGUAGE_STANDARD = gnu17;
				GCC_NO_COMMON_BLOCKS = YES;
				GCC_WARN_64_TO_32_BIT_CONVERSION = YES;
				GCC_WARN_ABOUT_RETURN_TYPE = YES_ERROR;
				GCC_WARN_UNDECLARED_SELECTOR = YES;
				GCC_WARN_UNINITIALIZED_AUTOS = YES_AGGRESSIVE;
				GCC_WARN_UNUSED_FUNCTION = YES;
				GCC_WARN_UNUSED_VARIABLE = YES;
				IPHONEOS_DEPLOYMENT_TARGET = 17.0;
				LOCALIZATION_PREFERS_STRING_CATALOGS = YES;
				MTL_ENABLE_DEBUG_INFO = NO;
				MTL_FAST_MATH = YES;
				SDKROOT = iphoneos;
				SWIFT_COMPILATION_MODE = wholemodule;
				VALIDATE_PRODUCT = YES;
			};
			name = Release;
		};
		AB974ABF2AE3159D004BC717 /* Debug */ = {
			isa = XCBuildConfiguration;
			buildSettings = {
				ASSETCATALOG_COMPILER_APPICON_NAME = AppIcon;
				ASSETCATALOG_COMPILER_GLOBAL_ACCENT_COLOR_NAME = AccentColor;
				CODE_SIGN_STYLE = Automatic;
				CURRENT_PROJECT_VERSION = 1;
				DEVELOPMENT_ASSET_PATHS = "\"junxApp/Preview Content\"";
				DEVELOPMENT_TEAM = WXG7HSGQZP;
				ENABLE_PREVIEWS = YES;
				GENERATE_INFOPLIST_FILE = YES;
				INFOPLIST_FILE = junxApp/Info.plist;
				INFOPLIST_KEY_UIApplicationSceneManifest_Generation = YES;
				INFOPLIST_KEY_UIApplicationSupportsIndirectInputEvents = YES;
				INFOPLIST_KEY_UILaunchScreen_Generation = YES;
				INFOPLIST_KEY_UISupportedInterfaceOrientations_iPad = "UIInterfaceOrientationPortrait UIInterfaceOrientationPortraitUpsideDown UIInterfaceOrientationLandscapeLeft UIInterfaceOrientationLandscapeRight";
				INFOPLIST_KEY_UISupportedInterfaceOrientations_iPhone = "UIInterfaceOrientationPortrait UIInterfaceOrientationLandscapeLeft UIInterfaceOrientationLandscapeRight";
				LD_RUNPATH_SEARCH_PATHS = (
					"$(inherited)",
					"@executable_path/Frameworks",
				);
				MARKETING_VERSION = 1.0;
				PRODUCT_BUNDLE_IDENTIFIER = com.junxApp;
				PRODUCT_NAME = "$(TARGET_NAME)";
				SWIFT_EMIT_LOC_STRINGS = YES;
				SWIFT_VERSION = 5.0;
				TARGETED_DEVICE_FAMILY = "1,2";
			};
			name = Debug;
		};
		AB974AC02AE3159D004BC717 /* Release */ = {
			isa = XCBuildConfiguration;
			buildSettings = {
				ASSETCATALOG_COMPILER_APPICON_NAME = AppIcon;
				ASSETCATALOG_COMPILER_GLOBAL_ACCENT_COLOR_NAME = AccentColor;
				CODE_SIGN_STYLE = Automatic;
				CURRENT_PROJECT_VERSION = 1;
				DEVELOPMENT_ASSET_PATHS = "\"junxApp/Preview Content\"";
				DEVELOPMENT_TEAM = WXG7HSGQZP;
				ENABLE_PREVIEWS = YES;
				GENERATE_INFOPLIST_FILE = YES;
				INFOPLIST_FILE = junxApp/Info.plist;
				INFOPLIST_KEY_UIApplicationSceneManifest_Generation = YES;
				INFOPLIST_KEY_UIApplicationSupportsIndirectInputEvents = YES;
				INFOPLIST_KEY_UILaunchScreen_Generation = YES;
				INFOPLIST_KEY_UISupportedInterfaceOrientations_iPad = "UIInterfaceOrientationPortrait UIInterfaceOrientationPortraitUpsideDown UIInterfaceOrientationLandscapeLeft UIInterfaceOrientationLandscapeRight";
				INFOPLIST_KEY_UISupportedInterfaceOrientations_iPhone = "UIInterfaceOrientationPortrait UIInterfaceOrientationLandscapeLeft UIInterfaceOrientationLandscapeRight";
				LD_RUNPATH_SEARCH_PATHS = (
					"$(inherited)",
					"@executable_path/Frameworks",
				);
				MARKETING_VERSION = 1.0;
				PRODUCT_BUNDLE_IDENTIFIER = com.junxApp;
				PRODUCT_NAME = "$(TARGET_NAME)";
				SWIFT_EMIT_LOC_STRINGS = YES;
				SWIFT_VERSION = 5.0;
				TARGETED_DEVICE_FAMILY = "1,2";
			};
			name = Release;
		};
/* End XCBuildConfiguration section */

/* Begin XCConfigurationList section */
		AB974AAB2AE3159B004BC717 /* Build configuration list for PBXProject "junxApp" */ = {
			isa = XCConfigurationList;
			buildConfigurations = (
				AB974ABC2AE3159D004BC717 /* Debug */,
				AB974ABD2AE3159D004BC717 /* Release */,
			);
			defaultConfigurationIsVisible = 0;
			defaultConfigurationName = Release;
		};
		AB974ABE2AE3159D004BC717 /* Build configuration list for PBXNativeTarget "junxApp" */ = {
			isa = XCConfigurationList;
			buildConfigurations = (
				AB974ABF2AE3159D004BC717 /* Debug */,
				AB974AC02AE3159D004BC717 /* Release */,
			);
			defaultConfigurationIsVisible = 0;
			defaultConfigurationName = Release;
		};
/* End XCConfigurationList section */
	};
	rootObject = AB974AA82AE3159B004BC717 /* Project object */;
}
